// !$*UTF8*$!
{
	archiveVersion = 1;
	classes = {
	};
	objectVersion = 56;
	objects = {

/* Begin PBXBuildFile section */
		5C04FCD62AC4835000809875 /* FirebaseAnalytics in Frameworks */ = {isa = PBXBuildFile; productRef = 5C04FCD52AC4835000809875 /* FirebaseAnalytics */; };
		5C04FCD82AC4835000809875 /* FirebaseAnalyticsOnDeviceConversion in Frameworks */ = {isa = PBXBuildFile; productRef = 5C04FCD72AC4835000809875 /* FirebaseAnalyticsOnDeviceConversion */; };
		5C04FCDA2AC4835000809875 /* FirebaseAnalyticsSwift in Frameworks */ = {isa = PBXBuildFile; productRef = 5C04FCD92AC4835000809875 /* FirebaseAnalyticsSwift */; };
		5C04FCDC2AC4835000809875 /* FirebaseAnalyticsWithoutAdIdSupport in Frameworks */ = {isa = PBXBuildFile; productRef = 5C04FCDB2AC4835000809875 /* FirebaseAnalyticsWithoutAdIdSupport */; };
		5C04FCDE2AC4835000809875 /* FirebaseAppCheck in Frameworks */ = {isa = PBXBuildFile; productRef = 5C04FCDD2AC4835000809875 /* FirebaseAppCheck */; };
		5C04FCE02AC4835000809875 /* FirebaseAppDistribution-Beta in Frameworks */ = {isa = PBXBuildFile; productRef = 5C04FCDF2AC4835000809875 /* FirebaseAppDistribution-Beta */; };
		5C04FCE22AC4835000809875 /* FirebaseAuth in Frameworks */ = {isa = PBXBuildFile; productRef = 5C04FCE12AC4835000809875 /* FirebaseAuth */; };
		5C04FCE42AC4835000809875 /* FirebaseAuthCombine-Community in Frameworks */ = {isa = PBXBuildFile; productRef = 5C04FCE32AC4835000809875 /* FirebaseAuthCombine-Community */; };
		5C04FCE62AC4835000809875 /* FirebaseCrashlytics in Frameworks */ = {isa = PBXBuildFile; productRef = 5C04FCE52AC4835000809875 /* FirebaseCrashlytics */; };
		5C04FCE82AC4835000809875 /* FirebaseDatabase in Frameworks */ = {isa = PBXBuildFile; productRef = 5C04FCE72AC4835000809875 /* FirebaseDatabase */; };
		5C04FCEA2AC4835000809875 /* FirebaseDatabaseSwift in Frameworks */ = {isa = PBXBuildFile; productRef = 5C04FCE92AC4835000809875 /* FirebaseDatabaseSwift */; };
		5C04FCEC2AC4835000809875 /* FirebaseDynamicLinks in Frameworks */ = {isa = PBXBuildFile; productRef = 5C04FCEB2AC4835000809875 /* FirebaseDynamicLinks */; };
		5C04FCEE2AC4835000809875 /* FirebaseFirestore in Frameworks */ = {isa = PBXBuildFile; productRef = 5C04FCED2AC4835000809875 /* FirebaseFirestore */; };
		5C04FCF02AC4835000809875 /* FirebaseFirestoreCombine-Community in Frameworks */ = {isa = PBXBuildFile; productRef = 5C04FCEF2AC4835000809875 /* FirebaseFirestoreCombine-Community */; };
		5C04FCF22AC4835000809875 /* FirebaseFirestoreSwift in Frameworks */ = {isa = PBXBuildFile; productRef = 5C04FCF12AC4835000809875 /* FirebaseFirestoreSwift */; };
		5C04FCF42AC4835000809875 /* FirebaseFunctions in Frameworks */ = {isa = PBXBuildFile; productRef = 5C04FCF32AC4835000809875 /* FirebaseFunctions */; };
		5C04FCF62AC4835000809875 /* FirebaseFunctionsCombine-Community in Frameworks */ = {isa = PBXBuildFile; productRef = 5C04FCF52AC4835000809875 /* FirebaseFunctionsCombine-Community */; };
		5C04FCF82AC4835000809875 /* FirebaseInAppMessaging-Beta in Frameworks */ = {isa = PBXBuildFile; productRef = 5C04FCF72AC4835000809875 /* FirebaseInAppMessaging-Beta */; };
		5C04FCFA2AC4835000809875 /* FirebaseInAppMessagingSwift-Beta in Frameworks */ = {isa = PBXBuildFile; productRef = 5C04FCF92AC4835000809875 /* FirebaseInAppMessagingSwift-Beta */; };
		5C04FCFC2AC4835000809875 /* FirebaseInstallations in Frameworks */ = {isa = PBXBuildFile; productRef = 5C04FCFB2AC4835000809875 /* FirebaseInstallations */; };
		5C04FCFE2AC4835000809875 /* FirebaseMLModelDownloader in Frameworks */ = {isa = PBXBuildFile; productRef = 5C04FCFD2AC4835000809875 /* FirebaseMLModelDownloader */; };
		5C04FD002AC4835000809875 /* FirebaseMessaging in Frameworks */ = {isa = PBXBuildFile; productRef = 5C04FCFF2AC4835000809875 /* FirebaseMessaging */; };
		5C04FD022AC4835000809875 /* FirebasePerformance in Frameworks */ = {isa = PBXBuildFile; productRef = 5C04FD012AC4835000809875 /* FirebasePerformance */; };
		5C04FD042AC4835000809875 /* FirebaseRemoteConfig in Frameworks */ = {isa = PBXBuildFile; productRef = 5C04FD032AC4835000809875 /* FirebaseRemoteConfig */; };
		5C04FD062AC4835000809875 /* FirebaseRemoteConfigSwift in Frameworks */ = {isa = PBXBuildFile; productRef = 5C04FD052AC4835000809875 /* FirebaseRemoteConfigSwift */; };
		5C04FD082AC4835000809875 /* FirebaseStorage in Frameworks */ = {isa = PBXBuildFile; productRef = 5C04FD072AC4835000809875 /* FirebaseStorage */; };
		5C04FD0A2AC4835000809875 /* FirebaseStorageCombine-Community in Frameworks */ = {isa = PBXBuildFile; productRef = 5C04FD092AC4835000809875 /* FirebaseStorageCombine-Community */; };
		5C04FD0C2AC4890700809875 /* GoogleService-Info.plist in Resources */ = {isa = PBXBuildFile; fileRef = 5C04FD0B2AC4890700809875 /* GoogleService-Info.plist */; };
		5C1C32A02A694C0C009F9175 /* README.md in Resources */ = {isa = PBXBuildFile; fileRef = 5C1C329F2A694C0C009F9175 /* README.md */; };
		5C79D8E22A67F610007BA488 /* SwiftUI_and_CombineApp.swift in Sources */ = {isa = PBXBuildFile; fileRef = 5C79D8E12A67F610007BA488 /* SwiftUI_and_CombineApp.swift */; };
		5C79D8E42A67F610007BA488 /* ContentView.swift in Sources */ = {isa = PBXBuildFile; fileRef = 5C79D8E32A67F610007BA488 /* ContentView.swift */; };
		5C79D8E62A67F611007BA488 /* Assets.xcassets in Resources */ = {isa = PBXBuildFile; fileRef = 5C79D8E52A67F611007BA488 /* Assets.xcassets */; };
		5C79D8E92A67F611007BA488 /* Preview Assets.xcassets in Resources */ = {isa = PBXBuildFile; fileRef = 5C79D8E82A67F611007BA488 /* Preview Assets.xcassets */; };
/* End PBXBuildFile section */

/* Begin PBXFileReference section */
		5C04FD0B2AC4890700809875 /* GoogleService-Info.plist */ = {isa = PBXFileReference; fileEncoding = 4; lastKnownFileType = text.plist.xml; path = "GoogleService-Info.plist"; sourceTree = "<group>"; };
		5C1C329F2A694C0C009F9175 /* README.md */ = {isa = PBXFileReference; fileEncoding = 4; lastKnownFileType = net.daringfireball.markdown; path = README.md; sourceTree = "<group>"; };
		5C79D8DE2A67F610007BA488 /* SwiftUI-and-Combine.app */ = {isa = PBXFileReference; explicitFileType = wrapper.application; includeInIndex = 0; path = "SwiftUI-and-Combine.app"; sourceTree = BUILT_PRODUCTS_DIR; };
		5C79D8E12A67F610007BA488 /* SwiftUI_and_CombineApp.swift */ = {isa = PBXFileReference; lastKnownFileType = sourcecode.swift; path = SwiftUI_and_CombineApp.swift; sourceTree = "<group>"; };
		5C79D8E32A67F610007BA488 /* ContentView.swift */ = {isa = PBXFileReference; lastKnownFileType = sourcecode.swift; path = ContentView.swift; sourceTree = "<group>"; };
		5C79D8E52A67F611007BA488 /* Assets.xcassets */ = {isa = PBXFileReference; lastKnownFileType = folder.assetcatalog; path = Assets.xcassets; sourceTree = "<group>"; };
		5C79D8E82A67F611007BA488 /* Preview Assets.xcassets */ = {isa = PBXFileReference; lastKnownFileType = folder.assetcatalog; path = "Preview Assets.xcassets"; sourceTree = "<group>"; };
/* End PBXFileReference section */

/* Begin PBXFrameworksBuildPhase section */
		5C79D8DB2A67F610007BA488 /* Frameworks */ = {
			isa = PBXFrameworksBuildPhase;
			buildActionMask = 2147483647;
			files = (
				5C04FCE82AC4835000809875 /* FirebaseDatabase in Frameworks */,
				5C04FCF62AC4835000809875 /* FirebaseFunctionsCombine-Community in Frameworks */,
				5C04FCEE2AC4835000809875 /* FirebaseFirestore in Frameworks */,
				5C04FCDA2AC4835000809875 /* FirebaseAnalyticsSwift in Frameworks */,
				5C04FCD62AC4835000809875 /* FirebaseAnalytics in Frameworks */,
				5C04FCD82AC4835000809875 /* FirebaseAnalyticsOnDeviceConversion in Frameworks */,
				5C04FCFE2AC4835000809875 /* FirebaseMLModelDownloader in Frameworks */,
				5C04FCF22AC4835000809875 /* FirebaseFirestoreSwift in Frameworks */,
				5C04FCDE2AC4835000809875 /* FirebaseAppCheck in Frameworks */,
				5C04FCDC2AC4835000809875 /* FirebaseAnalyticsWithoutAdIdSupport in Frameworks */,
				5C04FCE22AC4835000809875 /* FirebaseAuth in Frameworks */,
				5C04FCE62AC4835000809875 /* FirebaseCrashlytics in Frameworks */,
				5C04FD062AC4835000809875 /* FirebaseRemoteConfigSwift in Frameworks */,
				5C04FCF82AC4835000809875 /* FirebaseInAppMessaging-Beta in Frameworks */,
				5C04FCEA2AC4835000809875 /* FirebaseDatabaseSwift in Frameworks */,
				5C04FCF42AC4835000809875 /* FirebaseFunctions in Frameworks */,
				5C04FD0A2AC4835000809875 /* FirebaseStorageCombine-Community in Frameworks */,
				5C04FD042AC4835000809875 /* FirebaseRemoteConfig in Frameworks */,
				5C04FCE02AC4835000809875 /* FirebaseAppDistribution-Beta in Frameworks */,
				5C04FCE42AC4835000809875 /* FirebaseAuthCombine-Community in Frameworks */,
				5C04FD022AC4835000809875 /* FirebasePerformance in Frameworks */,
				5C04FCFA2AC4835000809875 /* FirebaseInAppMessagingSwift-Beta in Frameworks */,
				5C04FD082AC4835000809875 /* FirebaseStorage in Frameworks */,
				5C04FCEC2AC4835000809875 /* FirebaseDynamicLinks in Frameworks */,
				5C04FCF02AC4835000809875 /* FirebaseFirestoreCombine-Community in Frameworks */,
				5C04FD002AC4835000809875 /* FirebaseMessaging in Frameworks */,
				5C04FCFC2AC4835000809875 /* FirebaseInstallations in Frameworks */,
			);
			runOnlyForDeploymentPostprocessing = 0;
		};
/* End PBXFrameworksBuildPhase section */

/* Begin PBXGroup section */
		5C1C32992A694426009F9175 /* Model */ = {
			isa = PBXGroup;
			children = (
			);
			path = Model;
			sourceTree = "<group>";
		};
		5C1C329C2A6944EA009F9175 /* View */ = {
			isa = PBXGroup;
			children = (
			);
			path = View;
			sourceTree = "<group>";
		};
		5C79D8D52A67F610007BA488 = {
			isa = PBXGroup;
			children = (
				5C1C329F2A694C0C009F9175 /* README.md */,
				5C04FD0B2AC4890700809875 /* GoogleService-Info.plist */,
				5C79D8E02A67F610007BA488 /* SwiftUI-and-Combine */,
				5C79D8DF2A67F610007BA488 /* Products */,
			);
			sourceTree = "<group>";
		};
		5C79D8DF2A67F610007BA488 /* Products */ = {
			isa = PBXGroup;
			children = (
				5C79D8DE2A67F610007BA488 /* SwiftUI-and-Combine.app */,
			);
			name = Products;
			sourceTree = "<group>";
		};
		5C79D8E02A67F610007BA488 /* SwiftUI-and-Combine */ = {
			isa = PBXGroup;
			children = (
				5C1C329C2A6944EA009F9175 /* View */,
				5C1C32992A694426009F9175 /* Model */,
				5C79D8E12A67F610007BA488 /* SwiftUI_and_CombineApp.swift */,
				5C79D8E32A67F610007BA488 /* ContentView.swift */,
				5C79D8E52A67F611007BA488 /* Assets.xcassets */,
				5C79D8E72A67F611007BA488 /* Preview Content */,
			);
			path = "SwiftUI-and-Combine";
			sourceTree = "<group>";
		};
		5C79D8E72A67F611007BA488 /* Preview Content */ = {
			isa = PBXGroup;
			children = (
				5C79D8E82A67F611007BA488 /* Preview Assets.xcassets */,
			);
			path = "Preview Content";
			sourceTree = "<group>";
		};
/* End PBXGroup section */

/* Begin PBXNativeTarget section */
		5C79D8DD2A67F610007BA488 /* SwiftUI-and-Combine */ = {
			isa = PBXNativeTarget;
			buildConfigurationList = 5C79D9022A67F611007BA488 /* Build configuration list for PBXNativeTarget "SwiftUI-and-Combine" */;
			buildPhases = (
				5C79D8DA2A67F610007BA488 /* Sources */,
				5C79D8DB2A67F610007BA488 /* Frameworks */,
				5C79D8DC2A67F610007BA488 /* Resources */,
			);
			buildRules = (
			);
			dependencies = (
			);
			name = "SwiftUI-and-Combine";
			packageProductDependencies = (
				5C04FCD52AC4835000809875 /* FirebaseAnalytics */,
				5C04FCD72AC4835000809875 /* FirebaseAnalyticsOnDeviceConversion */,
				5C04FCD92AC4835000809875 /* FirebaseAnalyticsSwift */,
				5C04FCDB2AC4835000809875 /* FirebaseAnalyticsWithoutAdIdSupport */,
				5C04FCDD2AC4835000809875 /* FirebaseAppCheck */,
				5C04FCDF2AC4835000809875 /* FirebaseAppDistribution-Beta */,
				5C04FCE12AC4835000809875 /* FirebaseAuth */,
				5C04FCE32AC4835000809875 /* FirebaseAuthCombine-Community */,
				5C04FCE52AC4835000809875 /* FirebaseCrashlytics */,
				5C04FCE72AC4835000809875 /* FirebaseDatabase */,
				5C04FCE92AC4835000809875 /* FirebaseDatabaseSwift */,
				5C04FCEB2AC4835000809875 /* FirebaseDynamicLinks */,
				5C04FCED2AC4835000809875 /* FirebaseFirestore */,
				5C04FCEF2AC4835000809875 /* FirebaseFirestoreCombine-Community */,
				5C04FCF12AC4835000809875 /* FirebaseFirestoreSwift */,
				5C04FCF32AC4835000809875 /* FirebaseFunctions */,
				5C04FCF52AC4835000809875 /* FirebaseFunctionsCombine-Community */,
				5C04FCF72AC4835000809875 /* FirebaseInAppMessaging-Beta */,
				5C04FCF92AC4835000809875 /* FirebaseInAppMessagingSwift-Beta */,
				5C04FCFB2AC4835000809875 /* FirebaseInstallations */,
				5C04FCFD2AC4835000809875 /* FirebaseMLModelDownloader */,
				5C04FCFF2AC4835000809875 /* FirebaseMessaging */,
				5C04FD012AC4835000809875 /* FirebasePerformance */,
				5C04FD032AC4835000809875 /* FirebaseRemoteConfig */,
				5C04FD052AC4835000809875 /* FirebaseRemoteConfigSwift */,
				5C04FD072AC4835000809875 /* FirebaseStorage */,
				5C04FD092AC4835000809875 /* FirebaseStorageCombine-Community */,
			);
			productName = "SwiftUI-and-Combine";
			productReference = 5C79D8DE2A67F610007BA488 /* SwiftUI-and-Combine.app */;
			productType = "com.apple.product-type.application";
		};
/* End PBXNativeTarget section */

/* Begin PBXProject section */
		5C79D8D62A67F610007BA488 /* Project object */ = {
			isa = PBXProject;
			attributes = {
				BuildIndependentTargetsInParallel = 1;
				LastSwiftUpdateCheck = 1430;
				LastUpgradeCheck = 1430;
				TargetAttributes = {
					5C79D8DD2A67F610007BA488 = {
						CreatedOnToolsVersion = 14.3.1;
					};
				};
			};
			buildConfigurationList = 5C79D8D92A67F610007BA488 /* Build configuration list for PBXProject "SwiftUI-and-Combine" */;
			compatibilityVersion = "Xcode 14.0";
			developmentRegion = en;
			hasScannedForEncodings = 0;
			knownRegions = (
				en,
				Base,
			);
			mainGroup = 5C79D8D52A67F610007BA488;
			packageReferences = (
				5C04FCD42AC4835000809875 /* XCRemoteSwiftPackageReference "firebase-ios-sdk" */,
			);
			productRefGroup = 5C79D8DF2A67F610007BA488 /* Products */;
			projectDirPath = "";
			projectRoot = "";
			targets = (
				5C79D8DD2A67F610007BA488 /* SwiftUI-and-Combine */,
			);
		};
/* End PBXProject section */

/* Begin PBXResourcesBuildPhase section */
		5C79D8DC2A67F610007BA488 /* Resources */ = {
			isa = PBXResourcesBuildPhase;
			buildActionMask = 2147483647;
			files = (
				5C1C32A02A694C0C009F9175 /* README.md in Resources */,
				5C04FD0C2AC4890700809875 /* GoogleService-Info.plist in Resources */,
				5C79D8E92A67F611007BA488 /* Preview Assets.xcassets in Resources */,
				5C79D8E62A67F611007BA488 /* Assets.xcassets in Resources */,
			);
			runOnlyForDeploymentPostprocessing = 0;
		};
/* End PBXResourcesBuildPhase section */

/* Begin PBXSourcesBuildPhase section */
		5C79D8DA2A67F610007BA488 /* Sources */ = {
			isa = PBXSourcesBuildPhase;
			buildActionMask = 2147483647;
			files = (
				5C79D8E42A67F610007BA488 /* ContentView.swift in Sources */,
				5C79D8E22A67F610007BA488 /* SwiftUI_and_CombineApp.swift in Sources */,
			);
			runOnlyForDeploymentPostprocessing = 0;
		};
/* End PBXSourcesBuildPhase section */

/* Begin XCBuildConfiguration section */
		5C79D9002A67F611007BA488 /* Debug */ = {
			isa = XCBuildConfiguration;
			buildSettings = {
				ALWAYS_SEARCH_USER_PATHS = NO;
				CLANG_ANALYZER_NONNULL = YES;
				CLANG_ANALYZER_NUMBER_OBJECT_CONVERSION = YES_AGGRESSIVE;
				CLANG_CXX_LANGUAGE_STANDARD = "gnu++20";
				CLANG_ENABLE_MODULES = YES;
				CLANG_ENABLE_OBJC_ARC = YES;
				CLANG_ENABLE_OBJC_WEAK = YES;
				CLANG_WARN_BLOCK_CAPTURE_AUTORELEASING = YES;
				CLANG_WARN_BOOL_CONVERSION = YES;
				CLANG_WARN_COMMA = YES;
				CLANG_WARN_CONSTANT_CONVERSION = YES;
				CLANG_WARN_DEPRECATED_OBJC_IMPLEMENTATIONS = YES;
				CLANG_WARN_DIRECT_OBJC_ISA_USAGE = YES_ERROR;
				CLANG_WARN_DOCUMENTATION_COMMENTS = YES;
				CLANG_WARN_EMPTY_BODY = YES;
				CLANG_WARN_ENUM_CONVERSION = YES;
				CLANG_WARN_INFINITE_RECURSION = YES;
				CLANG_WARN_INT_CONVERSION = YES;
				CLANG_WARN_NON_LITERAL_NULL_CONVERSION = YES;
				CLANG_WARN_OBJC_IMPLICIT_RETAIN_SELF = YES;
				CLANG_WARN_OBJC_LITERAL_CONVERSION = YES;
				CLANG_WARN_OBJC_ROOT_CLASS = YES_ERROR;
				CLANG_WARN_QUOTED_INCLUDE_IN_FRAMEWORK_HEADER = YES;
				CLANG_WARN_RANGE_LOOP_ANALYSIS = YES;
				CLANG_WARN_STRICT_PROTOTYPES = YES;
				CLANG_WARN_SUSPICIOUS_MOVE = YES;
				CLANG_WARN_UNGUARDED_AVAILABILITY = YES_AGGRESSIVE;
				CLANG_WARN_UNREACHABLE_CODE = YES;
				CLANG_WARN__DUPLICATE_METHOD_MATCH = YES;
				COPY_PHASE_STRIP = NO;
				DEBUG_INFORMATION_FORMAT = dwarf;
				ENABLE_STRICT_OBJC_MSGSEND = YES;
				ENABLE_TESTABILITY = YES;
				GCC_C_LANGUAGE_STANDARD = gnu11;
				GCC_DYNAMIC_NO_PIC = NO;
				GCC_NO_COMMON_BLOCKS = YES;
				GCC_OPTIMIZATION_LEVEL = 0;
				GCC_PREPROCESSOR_DEFINITIONS = (
					"DEBUG=1",
					"$(inherited)",
				);
				GCC_WARN_64_TO_32_BIT_CONVERSION = YES;
				GCC_WARN_ABOUT_RETURN_TYPE = YES_ERROR;
				GCC_WARN_UNDECLARED_SELECTOR = YES;
				GCC_WARN_UNINITIALIZED_AUTOS = YES_AGGRESSIVE;
				GCC_WARN_UNUSED_FUNCTION = YES;
				GCC_WARN_UNUSED_VARIABLE = YES;
				IPHONEOS_DEPLOYMENT_TARGET = 16.4;
				MTL_ENABLE_DEBUG_INFO = INCLUDE_SOURCE;
				MTL_FAST_MATH = YES;
				ONLY_ACTIVE_ARCH = YES;
				SDKROOT = iphoneos;
				SWIFT_ACTIVE_COMPILATION_CONDITIONS = DEBUG;
				SWIFT_OPTIMIZATION_LEVEL = "-Onone";
			};
			name = Debug;
		};
		5C79D9012A67F611007BA488 /* Release */ = {
			isa = XCBuildConfiguration;
			buildSettings = {
				ALWAYS_SEARCH_USER_PATHS = NO;
				CLANG_ANALYZER_NONNULL = YES;
				CLANG_ANALYZER_NUMBER_OBJECT_CONVERSION = YES_AGGRESSIVE;
				CLANG_CXX_LANGUAGE_STANDARD = "gnu++20";
				CLANG_ENABLE_MODULES = YES;
				CLANG_ENABLE_OBJC_ARC = YES;
				CLANG_ENABLE_OBJC_WEAK = YES;
				CLANG_WARN_BLOCK_CAPTURE_AUTORELEASING = YES;
				CLANG_WARN_BOOL_CONVERSION = YES;
				CLANG_WARN_COMMA = YES;
				CLANG_WARN_CONSTANT_CONVERSION = YES;
				CLANG_WARN_DEPRECATED_OBJC_IMPLEMENTATIONS = YES;
				CLANG_WARN_DIRECT_OBJC_ISA_USAGE = YES_ERROR;
				CLANG_WARN_DOCUMENTATION_COMMENTS = YES;
				CLANG_WARN_EMPTY_BODY = YES;
				CLANG_WARN_ENUM_CONVERSION = YES;
				CLANG_WARN_INFINITE_RECURSION = YES;
				CLANG_WARN_INT_CONVERSION = YES;
				CLANG_WARN_NON_LITERAL_NULL_CONVERSION = YES;
				CLANG_WARN_OBJC_IMPLICIT_RETAIN_SELF = YES;
				CLANG_WARN_OBJC_LITERAL_CONVERSION = YES;
				CLANG_WARN_OBJC_ROOT_CLASS = YES_ERROR;
				CLANG_WARN_QUOTED_INCLUDE_IN_FRAMEWORK_HEADER = YES;
				CLANG_WARN_RANGE_LOOP_ANALYSIS = YES;
				CLANG_WARN_STRICT_PROTOTYPES = YES;
				CLANG_WARN_SUSPICIOUS_MOVE = YES;
				CLANG_WARN_UNGUARDED_AVAILABILITY = YES_AGGRESSIVE;
				CLANG_WARN_UNREACHABLE_CODE = YES;
				CLANG_WARN__DUPLICATE_METHOD_MATCH = YES;
				COPY_PHASE_STRIP = NO;
				DEBUG_INFORMATION_FORMAT = "dwarf-with-dsym";
				ENABLE_NS_ASSERTIONS = NO;
				ENABLE_STRICT_OBJC_MSGSEND = YES;
				GCC_C_LANGUAGE_STANDARD = gnu11;
				GCC_NO_COMMON_BLOCKS = YES;
				GCC_WARN_64_TO_32_BIT_CONVERSION = YES;
				GCC_WARN_ABOUT_RETURN_TYPE = YES_ERROR;
				GCC_WARN_UNDECLARED_SELECTOR = YES;
				GCC_WARN_UNINITIALIZED_AUTOS = YES_AGGRESSIVE;
				GCC_WARN_UNUSED_FUNCTION = YES;
				GCC_WARN_UNUSED_VARIABLE = YES;
				IPHONEOS_DEPLOYMENT_TARGET = 16.4;
				MTL_ENABLE_DEBUG_INFO = NO;
				MTL_FAST_MATH = YES;
				SDKROOT = iphoneos;
				SWIFT_COMPILATION_MODE = wholemodule;
				SWIFT_OPTIMIZATION_LEVEL = "-O";
				VALIDATE_PRODUCT = YES;
			};
			name = Release;
		};
		5C79D9032A67F611007BA488 /* Debug */ = {
			isa = XCBuildConfiguration;
			buildSettings = {
				ASSETCATALOG_COMPILER_APPICON_NAME = AppIcon;
				ASSETCATALOG_COMPILER_GLOBAL_ACCENT_COLOR_NAME = AccentColor;
				CODE_SIGN_STYLE = Automatic;
				CURRENT_PROJECT_VERSION = 1.0.0;
				DEVELOPMENT_ASSET_PATHS = "\"SwiftUI-and-Combine/Preview Content\"";
				DEVELOPMENT_TEAM = PBJ22NG3WU;
				ENABLE_PREVIEWS = YES;
				ENABLE_TESTING_SEARCH_PATHS = YES;
				GENERATE_INFOPLIST_FILE = YES;
				INFOPLIST_KEY_CFBundleDisplayName = "To do List";
				INFOPLIST_KEY_UIApplicationSceneManifest_Generation = YES;
				INFOPLIST_KEY_UIApplicationSupportsIndirectInputEvents = YES;
				INFOPLIST_KEY_UILaunchScreen_Generation = YES;
				INFOPLIST_KEY_UISupportedInterfaceOrientations = UIInterfaceOrientationPortrait;
				IPHONEOS_DEPLOYMENT_TARGET = 12.1;
				LD_RUNPATH_SEARCH_PATHS = (
					"$(inherited)",
					"@executable_path/Frameworks",
				);
				MARKETING_VERSION = 1.0.0;
				PRODUCT_BUNDLE_IDENTIFIER = com.combine.swiftUITodolist;
				PRODUCT_NAME = "$(TARGET_NAME)";
				SUPPORTED_PLATFORMS = "iphoneos iphonesimulator";
				SUPPORTS_MACCATALYST = NO;
				SWIFT_EMIT_LOC_STRINGS = YES;
				SWIFT_VERSION = 5.0;
				TARGETED_DEVICE_FAMILY = 1;
			};
			name = Debug;
		};
		5C79D9042A67F611007BA488 /* Release */ = {
			isa = XCBuildConfiguration;
			buildSettings = {
				ASSETCATALOG_COMPILER_APPICON_NAME = AppIcon;
				ASSETCATALOG_COMPILER_GLOBAL_ACCENT_COLOR_NAME = AccentColor;
				CODE_SIGN_STYLE = Automatic;
				CURRENT_PROJECT_VERSION = 1.0.0;
				DEVELOPMENT_ASSET_PATHS = "\"SwiftUI-and-Combine/Preview Content\"";
				DEVELOPMENT_TEAM = PBJ22NG3WU;
				ENABLE_PREVIEWS = YES;
				ENABLE_TESTING_SEARCH_PATHS = YES;
				GENERATE_INFOPLIST_FILE = YES;
				INFOPLIST_KEY_CFBundleDisplayName = "To do List";
				INFOPLIST_KEY_UIApplicationSceneManifest_Generation = YES;
				INFOPLIST_KEY_UIApplicationSupportsIndirectInputEvents = YES;
				INFOPLIST_KEY_UILaunchScreen_Generation = YES;
				INFOPLIST_KEY_UISupportedInterfaceOrientations = UIInterfaceOrientationPortrait;
				IPHONEOS_DEPLOYMENT_TARGET = 12.1;
				LD_RUNPATH_SEARCH_PATHS = (
					"$(inherited)",
					"@executable_path/Frameworks",
				);
				MARKETING_VERSION = 1.0.0;
				PRODUCT_BUNDLE_IDENTIFIER = com.combine.swiftUITodolist;
				PRODUCT_NAME = "$(TARGET_NAME)";
				SUPPORTED_PLATFORMS = "iphoneos iphonesimulator";
				SUPPORTS_MACCATALYST = NO;
				SWIFT_EMIT_LOC_STRINGS = YES;
				SWIFT_VERSION = 5.0;
				TARGETED_DEVICE_FAMILY = 1;
			};
			name = Release;
		};
/* End XCBuildConfiguration section */

/* Begin XCConfigurationList section */
		5C79D8D92A67F610007BA488 /* Build configuration list for PBXProject "SwiftUI-and-Combine" */ = {
			isa = XCConfigurationList;
			buildConfigurations = (
				5C79D9002A67F611007BA488 /* Debug */,
				5C79D9012A67F611007BA488 /* Release */,
			);
			defaultConfigurationIsVisible = 0;
			defaultConfigurationName = Release;
		};
		5C79D9022A67F611007BA488 /* Build configuration list for PBXNativeTarget "SwiftUI-and-Combine" */ = {
			isa = XCConfigurationList;
			buildConfigurations = (
				5C79D9032A67F611007BA488 /* Debug */,
				5C79D9042A67F611007BA488 /* Release */,
			);
			defaultConfigurationIsVisible = 0;
			defaultConfigurationName = Release;
		};
/* End XCConfigurationList section */

/* Begin XCRemoteSwiftPackageReference section */
		5C04FCD42AC4835000809875 /* XCRemoteSwiftPackageReference "firebase-ios-sdk" */ = {
			isa = XCRemoteSwiftPackageReference;
			repositoryURL = "https://github.com/firebase/firebase-ios-sdk.git";
			requirement = {
				kind = upToNextMajorVersion;
				minimumVersion = 10.15.0;
			};
		};
/* End XCRemoteSwiftPackageReference section */

/* Begin XCSwiftPackageProductDependency section */
		5C04FCD52AC4835000809875 /* FirebaseAnalytics */ = {
			isa = XCSwiftPackageProductDependency;
			package = 5C04FCD42AC4835000809875 /* XCRemoteSwiftPackageReference "firebase-ios-sdk" */;
			productName = FirebaseAnalytics;
		};
		5C04FCD72AC4835000809875 /* FirebaseAnalyticsOnDeviceConversion */ = {
			isa = XCSwiftPackageProductDependency;
			package = 5C04FCD42AC4835000809875 /* XCRemoteSwiftPackageReference "firebase-ios-sdk" */;
			productName = FirebaseAnalyticsOnDeviceConversion;
		};
		5C04FCD92AC4835000809875 /* FirebaseAnalyticsSwift */ = {
			isa = XCSwiftPackageProductDependency;
			package = 5C04FCD42AC4835000809875 /* XCRemoteSwiftPackageReference "firebase-ios-sdk" */;
			productName = FirebaseAnalyticsSwift;
		};
		5C04FCDB2AC4835000809875 /* FirebaseAnalyticsWithoutAdIdSupport */ = {
			isa = XCSwiftPackageProductDependency;
			package = 5C04FCD42AC4835000809875 /* XCRemoteSwiftPackageReference "firebase-ios-sdk" */;
			productName = FirebaseAnalyticsWithoutAdIdSupport;
		};
		5C04FCDD2AC4835000809875 /* FirebaseAppCheck */ = {
			isa = XCSwiftPackageProductDependency;
			package = 5C04FCD42AC4835000809875 /* XCRemoteSwiftPackageReference "firebase-ios-sdk" */;
			productName = FirebaseAppCheck;
		};
		5C04FCDF2AC4835000809875 /* FirebaseAppDistribution-Beta */ = {
			isa = XCSwiftPackageProductDependency;
			package = 5C04FCD42AC4835000809875 /* XCRemoteSwiftPackageReference "firebase-ios-sdk" */;
			productName = "FirebaseAppDistribution-Beta";
		};
		5C04FCE12AC4835000809875 /* FirebaseAuth */ = {
			isa = XCSwiftPackageProductDependency;
			package = 5C04FCD42AC4835000809875 /* XCRemoteSwiftPackageReference "firebase-ios-sdk" */;
			productName = FirebaseAuth;
		};
		5C04FCE32AC4835000809875 /* FirebaseAuthCombine-Community */ = {
			isa = XCSwiftPackageProductDependency;
			package = 5C04FCD42AC4835000809875 /* XCRemoteSwiftPackageReference "firebase-ios-sdk" */;
			productName = "FirebaseAuthCombine-Community";
		};
		5C04FCE52AC4835000809875 /* FirebaseCrashlytics */ = {
			isa = XCSwiftPackageProductDependency;
			package = 5C04FCD42AC4835000809875 /* XCRemoteSwiftPackageReference "firebase-ios-sdk" */;
			productName = FirebaseCrashlytics;
		};
		5C04FCE72AC4835000809875 /* FirebaseDatabase */ = {
			isa = XCSwiftPackageProductDependency;
			package = 5C04FCD42AC4835000809875 /* XCRemoteSwiftPackageReference "firebase-ios-sdk" */;
			productName = FirebaseDatabase;
		};
		5C04FCE92AC4835000809875 /* FirebaseDatabaseSwift */ = {
			isa = XCSwiftPackageProductDependency;
			package = 5C04FCD42AC4835000809875 /* XCRemoteSwiftPackageReference "firebase-ios-sdk" */;
			productName = FirebaseDatabaseSwift;
		};
		5C04FCEB2AC4835000809875 /* FirebaseDynamicLinks */ = {
			isa = XCSwiftPackageProductDependency;
			package = 5C04FCD42AC4835000809875 /* XCRemoteSwiftPackageReference "firebase-ios-sdk" */;
			productName = FirebaseDynamicLinks;
		};
		5C04FCED2AC4835000809875 /* FirebaseFirestore */ = {
			isa = XCSwiftPackageProductDependency;
			package = 5C04FCD42AC4835000809875 /* XCRemoteSwiftPackageReference "firebase-ios-sdk" */;
			productName = FirebaseFirestore;
		};
		5C04FCEF2AC4835000809875 /* FirebaseFirestoreCombine-Community */ = {
			isa = XCSwiftPackageProductDependency;
			package = 5C04FCD42AC4835000809875 /* XCRemoteSwiftPackageReference "firebase-ios-sdk" */;
			productName = "FirebaseFirestoreCombine-Community";
		};
		5C04FCF12AC4835000809875 /* FirebaseFirestoreSwift */ = {
			isa = XCSwiftPackageProductDependency;
			package = 5C04FCD42AC4835000809875 /* XCRemoteSwiftPackageReference "firebase-ios-sdk" */;
			productName = FirebaseFirestoreSwift;
		};
		5C04FCF32AC4835000809875 /* FirebaseFunctions */ = {
			isa = XCSwiftPackageProductDependency;
			package = 5C04FCD42AC4835000809875 /* XCRemoteSwiftPackageReference "firebase-ios-sdk" */;
			productName = FirebaseFunctions;
		};
		5C04FCF52AC4835000809875 /* FirebaseFunctionsCombine-Community */ = {
			isa = XCSwiftPackageProductDependency;
			package = 5C04FCD42AC4835000809875 /* XCRemoteSwiftPackageReference "firebase-ios-sdk" */;
			productName = "FirebaseFunctionsCombine-Community";
		};
		5C04FCF72AC4835000809875 /* FirebaseInAppMessaging-Beta */ = {
			isa = XCSwiftPackageProductDependency;
			package = 5C04FCD42AC4835000809875 /* XCRemoteSwiftPackageReference "firebase-ios-sdk" */;
			productName = "FirebaseInAppMessaging-Beta";
		};
		5C04FCF92AC4835000809875 /* FirebaseInAppMessagingSwift-Beta */ = {
			isa = XCSwiftPackageProductDependency;
			package = 5C04FCD42AC4835000809875 /* XCRemoteSwiftPackageReference "firebase-ios-sdk" */;
			productName = "FirebaseInAppMessagingSwift-Beta";
		};
		5C04FCFB2AC4835000809875 /* FirebaseInstallations */ = {
			isa = XCSwiftPackageProductDependency;
			package = 5C04FCD42AC4835000809875 /* XCRemoteSwiftPackageReference "firebase-ios-sdk" */;
			productName = FirebaseInstallations;
		};
		5C04FCFD2AC4835000809875 /* FirebaseMLModelDownloader */ = {
			isa = XCSwiftPackageProductDependency;
			package = 5C04FCD42AC4835000809875 /* XCRemoteSwiftPackageReference "firebase-ios-sdk" */;
			productName = FirebaseMLModelDownloader;
		};
		5C04FCFF2AC4835000809875 /* FirebaseMessaging */ = {
			isa = XCSwiftPackageProductDependency;
			package = 5C04FCD42AC4835000809875 /* XCRemoteSwiftPackageReference "firebase-ios-sdk" */;
			productName = FirebaseMessaging;
		};
		5C04FD012AC4835000809875 /* FirebasePerformance */ = {
			isa = XCSwiftPackageProductDependency;
			package = 5C04FCD42AC4835000809875 /* XCRemoteSwiftPackageReference "firebase-ios-sdk" */;
			productName = FirebasePerformance;
		};
		5C04FD032AC4835000809875 /* FirebaseRemoteConfig */ = {
			isa = XCSwiftPackageProductDependency;
			package = 5C04FCD42AC4835000809875 /* XCRemoteSwiftPackageReference "firebase-ios-sdk" */;
			productName = FirebaseRemoteConfig;
		};
		5C04FD052AC4835000809875 /* FirebaseRemoteConfigSwift */ = {
			isa = XCSwiftPackageProductDependency;
			package = 5C04FCD42AC4835000809875 /* XCRemoteSwiftPackageReference "firebase-ios-sdk" */;
			productName = FirebaseRemoteConfigSwift;
		};
		5C04FD072AC4835000809875 /* FirebaseStorage */ = {
			isa = XCSwiftPackageProductDependency;
			package = 5C04FCD42AC4835000809875 /* XCRemoteSwiftPackageReference "firebase-ios-sdk" */;
			productName = FirebaseStorage;
		};
		5C04FD092AC4835000809875 /* FirebaseStorageCombine-Community */ = {
			isa = XCSwiftPackageProductDependency;
			package = 5C04FCD42AC4835000809875 /* XCRemoteSwiftPackageReference "firebase-ios-sdk" */;
			productName = "FirebaseStorageCombine-Community";
		};
/* End XCSwiftPackageProductDependency section */
	};
	rootObject = 5C79D8D62A67F610007BA488 /* Project object */;
}
