// !$*UTF8*$!
{
	archiveVersion = 1;
	classes = {
	};
	objectVersion = 56;
	objects = {

/* Begin PBXBuildFile section */
		55230BA529B16A8300D0F0DD /* 30_2_img.png in Resources */ = {isa = PBXBuildFile; fileRef = 55230BA029B16A8300D0F0DD /* 30_2_img.png */; };
		55230BA629B16A8300D0F0DD /* Question30.json in Resources */ = {isa = PBXBuildFile; fileRef = 55230BA129B16A8300D0F0DD /* Question30.json */; };
		55230BA729B16A8300D0F0DD /* Listening30.json in Resources */ = {isa = PBXBuildFile; fileRef = 55230BA229B16A8300D0F0DD /* Listening30.json */; };
		55230BA829B16A8300D0F0DD /* 30_1_img.png in Resources */ = {isa = PBXBuildFile; fileRef = 55230BA329B16A8300D0F0DD /* 30_1_img.png */; };
		55230BA929B16A8300D0F0DD /* Listening30th.mp3 in Resources */ = {isa = PBXBuildFile; fileRef = 55230BA429B16A8300D0F0DD /* Listening30th.mp3 */; };
		55230BAC29B1771C00D0F0DD /* 29_2_img.png in Resources */ = {isa = PBXBuildFile; fileRef = 55230BAA29B1771C00D0F0DD /* 29_2_img.png */; };
		55230BAD29B1771C00D0F0DD /* 29_1_img.png in Resources */ = {isa = PBXBuildFile; fileRef = 55230BAB29B1771C00D0F0DD /* 29_1_img.png */; };
		55230BB029B1772900D0F0DD /* 28_2_img.png in Resources */ = {isa = PBXBuildFile; fileRef = 55230BAE29B1772900D0F0DD /* 28_2_img.png */; };
		55230BB129B1772900D0F0DD /* 28_1_img.png in Resources */ = {isa = PBXBuildFile; fileRef = 55230BAF29B1772900D0F0DD /* 28_1_img.png */; };
		553AF9DE299F6EE4006C6EC0 /* ListeningViewModel.swift in Sources */ = {isa = PBXBuildFile; fileRef = 553AF9DD299F6EE4006C6EC0 /* ListeningViewModel.swift */; };
		553B24C129A5B51500F4ED4A /* PopupCell.swift in Sources */ = {isa = PBXBuildFile; fileRef = 553B24C029A5B51500F4ED4A /* PopupCell.swift */; };
		55450206299C6090000B48B6 /* QuestionViewModel.swift in Sources */ = {isa = PBXBuildFile; fileRef = 55450205299C6090000B48B6 /* QuestionViewModel.swift */; };
		55484BB029A47BC0005DBE68 /* PopupVC.swift in Sources */ = {isa = PBXBuildFile; fileRef = 55484BAF29A47BC0005DBE68 /* PopupVC.swift */; };
		55484BB229A4A552005DBE68 /* ListeningQuestionVC.swift in Sources */ = {isa = PBXBuildFile; fileRef = 55484BB129A4A552005DBE68 /* ListeningQuestionVC.swift */; };
		55591B042999BDCE00023195 /* Reading24QuestionModel.swift in Sources */ = {isa = PBXBuildFile; fileRef = 55591B032999BDCE00023195 /* Reading24QuestionModel.swift */; };
		55591B0C2999F8F600023195 /* BookMarkTabTableViewCell.swift in Sources */ = {isa = PBXBuildFile; fileRef = 55591B0B2999F8F600023195 /* BookMarkTabTableViewCell.swift */; };
		55591B11299A071A00023195 /* ReadingQuestionVC.swift in Sources */ = {isa = PBXBuildFile; fileRef = 55591B10299A071A00023195 /* ReadingQuestionVC.swift */; };
		55591B15299A07CF00023195 /* ResultVC.swift in Sources */ = {isa = PBXBuildFile; fileRef = 55591B14299A07CF00023195 /* ResultVC.swift */; };
		5590500929947E5700FE3F0D /* README.md in Resources */ = {isa = PBXBuildFile; fileRef = 5590500829947E5700FE3F0D /* README.md */; };
		5590500B29948BF900FE3F0D /* MainCoordinator.swift in Sources */ = {isa = PBXBuildFile; fileRef = 5590500A29948BF900FE3F0D /* MainCoordinator.swift */; };
		5590500D29948CB800FE3F0D /* StoryBoarded.swift in Sources */ = {isa = PBXBuildFile; fileRef = 5590500C29948CB800FE3F0D /* StoryBoarded.swift */; };
		559050102994AD4700FE3F0D /* MainTabBarViewController.swift in Sources */ = {isa = PBXBuildFile; fileRef = 5590500F2994AD4700FE3F0D /* MainTabBarViewController.swift */; };
		559050122994B66F00FE3F0D /* TabBarCoordinator.swift in Sources */ = {isa = PBXBuildFile; fileRef = 559050112994B66F00FE3F0D /* TabBarCoordinator.swift */; };
		559050162994C81A00FE3F0D /* BookmarkCoordinator.swift in Sources */ = {isa = PBXBuildFile; fileRef = 559050152994C81A00FE3F0D /* BookmarkCoordinator.swift */; };
		55A99C6A29937D9F00AD4FA6 /* AppDelegate.swift in Sources */ = {isa = PBXBuildFile; fileRef = 55A99C6929937D9F00AD4FA6 /* AppDelegate.swift */; };
		55A99C6C29937D9F00AD4FA6 /* SceneDelegate.swift in Sources */ = {isa = PBXBuildFile; fileRef = 55A99C6B29937D9F00AD4FA6 /* SceneDelegate.swift */; };
		55A99C6E29937D9F00AD4FA6 /* ViewController.swift in Sources */ = {isa = PBXBuildFile; fileRef = 55A99C6D29937D9F00AD4FA6 /* ViewController.swift */; };
		55A99C7129937D9F00AD4FA6 /* Main.storyboard in Resources */ = {isa = PBXBuildFile; fileRef = 55A99C6F29937D9F00AD4FA6 /* Main.storyboard */; };
		55A99C7329937DA100AD4FA6 /* Assets.xcassets in Resources */ = {isa = PBXBuildFile; fileRef = 55A99C7229937DA100AD4FA6 /* Assets.xcassets */; };
		55A99C7629937DA100AD4FA6 /* LaunchScreen.storyboard in Resources */ = {isa = PBXBuildFile; fileRef = 55A99C7429937DA100AD4FA6 /* LaunchScreen.storyboard */; };
		55A99C8229938B1100AD4FA6 /* Coordinator.swift in Sources */ = {isa = PBXBuildFile; fileRef = 55A99C8129938B1100AD4FA6 /* Coordinator.swift */; };
		55BBF3AF2995D18F00A7E991 /* BookMarkTabVC.swift in Sources */ = {isa = PBXBuildFile; fileRef = 55BBF3AE2995D18F00A7E991 /* BookMarkTabVC.swift */; };
		55BBF3B129962C4000A7E991 /* FavoriteCoordinator.swift in Sources */ = {isa = PBXBuildFile; fileRef = 55BBF3B029962C4000A7E991 /* FavoriteCoordinator.swift */; };
		55BBF3B329962D4A00A7E991 /* FavoriteTabVC.swift in Sources */ = {isa = PBXBuildFile; fileRef = 55BBF3B229962D4A00A7E991 /* FavoriteTabVC.swift */; };
		55E1208529B015AE009BEFBC /* Question24.json in Resources */ = {isa = PBXBuildFile; fileRef = 55E1203729B015AE009BEFBC /* Question24.json */; };
		55E1208629B015AE009BEFBC /* Listening24th.mp3 in Resources */ = {isa = PBXBuildFile; fileRef = 55E1203829B015AE009BEFBC /* Listening24th.mp3 */; };
		55E1208729B015AE009BEFBC /* Listening24.json in Resources */ = {isa = PBXBuildFile; fileRef = 55E1203929B015AE009BEFBC /* Listening24.json */; };
		55E1208829B015AE009BEFBC /* 24_1_img.png in Resources */ = {isa = PBXBuildFile; fileRef = 55E1203A29B015AE009BEFBC /* 24_1_img.png */; };
		55E1208929B015AE009BEFBC /* 24_2_img.png in Resources */ = {isa = PBXBuildFile; fileRef = 55E1203B29B015AE009BEFBC /* 24_2_img.png */; };
		55E1208A29B015AE009BEFBC /* 64_9_img.png in Resources */ = {isa = PBXBuildFile; fileRef = 55E1203D29B015AE009BEFBC /* 64_9_img.png */; };
		55E1208B29B015AE009BEFBC /* 64_8_img.png in Resources */ = {isa = PBXBuildFile; fileRef = 55E1203E29B015AE009BEFBC /* 64_8_img.png */; };
		55E1208C29B015AE009BEFBC /* 64_1_img.png in Resources */ = {isa = PBXBuildFile; fileRef = 55E1203F29B015AE009BEFBC /* 64_1_img.png */; };
		55E1208D29B015AE009BEFBC /* Question64.json in Resources */ = {isa = PBXBuildFile; fileRef = 55E1204029B015AE009BEFBC /* Question64.json */; };
		55E1208E29B015AE009BEFBC /* 64_3_img.png in Resources */ = {isa = PBXBuildFile; fileRef = 55E1204129B015AE009BEFBC /* 64_3_img.png */; };
		55E1208F29B015AE009BEFBC /* 64_2_img.png in Resources */ = {isa = PBXBuildFile; fileRef = 55E1204229B015AE009BEFBC /* 64_2_img.png */; };
		55E1209029B015AE009BEFBC /* 64_7_img.png in Resources */ = {isa = PBXBuildFile; fileRef = 55E1204329B015AE009BEFBC /* 64_7_img.png */; };
		55E1209129B015AE009BEFBC /* 64_6_img.png in Resources */ = {isa = PBXBuildFile; fileRef = 55E1204429B015AE009BEFBC /* 64_6_img.png */; };
		55E1209229B015AE009BEFBC /* Listening64.json in Resources */ = {isa = PBXBuildFile; fileRef = 55E1204529B015AE009BEFBC /* Listening64.json */; };
		55E1209329B015AE009BEFBC /* 64_10_img.png in Resources */ = {isa = PBXBuildFile; fileRef = 55E1204629B015AE009BEFBC /* 64_10_img.png */; };
		55E1209429B015AE009BEFBC /* 64_5_img.png in Resources */ = {isa = PBXBuildFile; fileRef = 55E1204729B015AE009BEFBC /* 64_5_img.png */; };
		55E1209729B015AE009BEFBC /* Question34.json in Resources */ = {isa = PBXBuildFile; fileRef = 55E1204C29B015AE009BEFBC /* Question34.json */; };
		55E1209929B015AE009BEFBC /* Question33.json in Resources */ = {isa = PBXBuildFile; fileRef = 55E1204E29B015AE009BEFBC /* Question33.json */; };
		55E1209A29B015AE009BEFBC /* Question32.json in Resources */ = {isa = PBXBuildFile; fileRef = 55E1204F29B015AE009BEFBC /* Question32.json */; };
		55E1209B29B015AE009BEFBC /* Question31.json in Resources */ = {isa = PBXBuildFile; fileRef = 55E1205029B015AE009BEFBC /* Question31.json */; };
		55E1209D29B015AE009BEFBC /* 27_2_img.png in Resources */ = {isa = PBXBuildFile; fileRef = 55E1205329B015AE009BEFBC /* 27_2_img.png */; };
		55E1209E29B015AE009BEFBC /* Listening27.json in Resources */ = {isa = PBXBuildFile; fileRef = 55E1205429B015AE009BEFBC /* Listening27.json */; };
		55E1209F29B015AE009BEFBC /* 27_1_img.png in Resources */ = {isa = PBXBuildFile; fileRef = 55E1205529B015AE009BEFBC /* 27_1_img.png */; };
		55E120A029B015AE009BEFBC /* Question27.json in Resources */ = {isa = PBXBuildFile; fileRef = 55E1205629B015AE009BEFBC /* Question27.json */; };
		55E120A129B015AE009BEFBC /* Question29.json in Resources */ = {isa = PBXBuildFile; fileRef = 55E1205829B015AE009BEFBC /* Question29.json */; };
		55E120A229B015AE009BEFBC /* Listening29th.mp3 in Resources */ = {isa = PBXBuildFile; fileRef = 55E1205929B015AE009BEFBC /* Listening29th.mp3 */; };
		55E120A329B015AE009BEFBC /* 26_1_img.png in Resources */ = {isa = PBXBuildFile; fileRef = 55E1205B29B015AE009BEFBC /* 26_1_img.png */; };
		55E120A429B015AE009BEFBC /* Listening26.json in Resources */ = {isa = PBXBuildFile; fileRef = 55E1205C29B015AE009BEFBC /* Listening26.json */; };
		55E120A529B015AE009BEFBC /* 26_2_img.png in Resources */ = {isa = PBXBuildFile; fileRef = 55E1205D29B015AE009BEFBC /* 26_2_img.png */; };
		55E120A629B015AE009BEFBC /* Listening26th.mp3 in Resources */ = {isa = PBXBuildFile; fileRef = 55E1205E29B015AE009BEFBC /* Listening26th.mp3 */; };
		55E120A729B015AE009BEFBC /* Question26.json in Resources */ = {isa = PBXBuildFile; fileRef = 55E1205F29B015AE009BEFBC /* Question26.json */; };
		55E120A829B015AE009BEFBC /* Question28.json in Resources */ = {isa = PBXBuildFile; fileRef = 55E1206129B015AE009BEFBC /* Question28.json */; };
		55E120A929B015AE009BEFBC /* Listening28th.mp3 in Resources */ = {isa = PBXBuildFile; fileRef = 55E1206229B015AE009BEFBC /* Listening28th.mp3 */; };
		55E120AB29B015AE009BEFBC /* Listening36th.mp3 in Resources */ = {isa = PBXBuildFile; fileRef = 55E1206529B015AE009BEFBC /* Listening36th.mp3 */; };
		55E120AC29B015AE009BEFBC /* Listening36.json in Resources */ = {isa = PBXBuildFile; fileRef = 55E1206629B015AE009BEFBC /* Listening36.json */; };
		55E120AD29B015AE009BEFBC /* 36_6_img.png in Resources */ = {isa = PBXBuildFile; fileRef = 55E1206729B015AE009BEFBC /* 36_6_img.png */; };
		55E120AE29B015AE009BEFBC /* 36_7_img.png in Resources */ = {isa = PBXBuildFile; fileRef = 55E1206829B015AE009BEFBC /* 36_7_img.png */; };
		55E120AF29B015AE009BEFBC /* 36_5_img.png in Resources */ = {isa = PBXBuildFile; fileRef = 55E1206929B015AE009BEFBC /* 36_5_img.png */; };
		55E120B029B015AE009BEFBC /* ￼￼￼36_8_img.png in Resources */ = {isa = PBXBuildFile; fileRef = 55E1206A29B015AE009BEFBC /* ￼￼￼36_8_img.png */; };
		55E120B129B015AE009BEFBC /* 36_1_img.png in Resources */ = {isa = PBXBuildFile; fileRef = 55E1206B29B015AE009BEFBC /* 36_1_img.png */; };
		55E120B229B015AE009BEFBC /* 36_9_img.png in Resources */ = {isa = PBXBuildFile; fileRef = 55E1206C29B015AE009BEFBC /* 36_9_img.png */; };
		55E120B329B015AE009BEFBC /* 36_2_img.png in Resources */ = {isa = PBXBuildFile; fileRef = 55E1206D29B015AE009BEFBC /* 36_2_img.png */; };
		55E120B429B015AE009BEFBC /* 36_10_img.png in Resources */ = {isa = PBXBuildFile; fileRef = 55E1206E29B015AE009BEFBC /* 36_10_img.png */; };
		55E120B529B015AE009BEFBC /* 36_3_img.png in Resources */ = {isa = PBXBuildFile; fileRef = 55E1206F29B015AE009BEFBC /* 36_3_img.png */; };
		55E120B629B015AE009BEFBC /* Question36.json in Resources */ = {isa = PBXBuildFile; fileRef = 55E1207029B015AE009BEFBC /* Question36.json */; };
		55E120B729B015AE009BEFBC /* Question25.json in Resources */ = {isa = PBXBuildFile; fileRef = 55E1207229B015AE009BEFBC /* Question25.json */; };
		55E120B829B015AE009BEFBC /* Listening25.json in Resources */ = {isa = PBXBuildFile; fileRef = 55E1207329B015AE009BEFBC /* Listening25.json */; };
		55E120B929B015AE009BEFBC /* 25_2_img.png in Resources */ = {isa = PBXBuildFile; fileRef = 55E1207429B015AE009BEFBC /* 25_2_img.png */; };
		55E120BA29B015AE009BEFBC /* Listening25th.mp3 in Resources */ = {isa = PBXBuildFile; fileRef = 55E1207529B015AE009BEFBC /* Listening25th.mp3 */; };
		55E120BB29B015AE009BEFBC /* 25_1_img.png in Resources */ = {isa = PBXBuildFile; fileRef = 55E1207629B015AE009BEFBC /* 25_1_img.png */; };
		55E120BC29B015AE009BEFBC /* Bundle.swift in Sources */ = {isa = PBXBuildFile; fileRef = 55E1207729B015AE009BEFBC /* Bundle.swift */; };
		55E120BD29B015AE009BEFBC /* Question35.json in Resources */ = {isa = PBXBuildFile; fileRef = 55E1207929B015AE009BEFBC /* Question35.json */; };
		55E120BE29B015AE009BEFBC /* 35_2_img.png in Resources */ = {isa = PBXBuildFile; fileRef = 55E1207A29B015AE009BEFBC /* 35_2_img.png */; };
		55E120BF29B015AE009BEFBC /* 35_3_img.png in Resources */ = {isa = PBXBuildFile; fileRef = 55E1207B29B015AE009BEFBC /* 35_3_img.png */; };
		55E120C029B015AE009BEFBC /* 35_10_img.png in Resources */ = {isa = PBXBuildFile; fileRef = 55E1207C29B015AE009BEFBC /* 35_10_img.png */; };
		55E120C129B015AE009BEFBC /* Listening35th.mp3 in Resources */ = {isa = PBXBuildFile; fileRef = 55E1207D29B015AE009BEFBC /* Listening35th.mp3 */; };
		55E120C229B015AE009BEFBC /* 35_1_img.png in Resources */ = {isa = PBXBuildFile; fileRef = 55E1207E29B015AE009BEFBC /* 35_1_img.png */; };
		55E120C329B015AE009BEFBC /* 35_8_img.png in Resources */ = {isa = PBXBuildFile; fileRef = 55E1207F29B015AE009BEFBC /* 35_8_img.png */; };
		55E120C429B015AE009BEFBC /* 35_9_img.png in Resources */ = {isa = PBXBuildFile; fileRef = 55E1208029B015AE009BEFBC /* 35_9_img.png */; };
		55E120C529B015AE009BEFBC /* 35_5_img.png in Resources */ = {isa = PBXBuildFile; fileRef = 55E1208129B015AE009BEFBC /* 35_5_img.png */; };
		55E120C629B015AE009BEFBC /* 35_6_img.png in Resources */ = {isa = PBXBuildFile; fileRef = 55E1208229B015AE009BEFBC /* 35_6_img.png */; };
		55E120C729B015AE009BEFBC /* 35_7_img.png in Resources */ = {isa = PBXBuildFile; fileRef = 55E1208329B015AE009BEFBC /* 35_7_img.png */; };
		55E120C829B015AE009BEFBC /* Listening35.json in Resources */ = {isa = PBXBuildFile; fileRef = 55E1208429B015AE009BEFBC /* Listening35.json */; };
		55E64E6E299B7A7D004481E3 /* ReadingQuestionCollectionViewCell.swift in Sources */ = {isa = PBXBuildFile; fileRef = 55E64E6D299B7A7D004481E3 /* ReadingQuestionCollectionViewCell.swift */; };
/* End PBXBuildFile section */

/* Begin PBXFileReference section */
		55230BA029B16A8300D0F0DD /* 30_2_img.png */ = {isa = PBXFileReference; lastKnownFileType = image.png; path = 30_2_img.png; sourceTree = "<group>"; };
		55230BA129B16A8300D0F0DD /* Question30.json */ = {isa = PBXFileReference; fileEncoding = 4; lastKnownFileType = text.json; path = Question30.json; sourceTree = "<group>"; };
		55230BA229B16A8300D0F0DD /* Listening30.json */ = {isa = PBXFileReference; fileEncoding = 4; lastKnownFileType = text.json; path = Listening30.json; sourceTree = "<group>"; };
		55230BA329B16A8300D0F0DD /* 30_1_img.png */ = {isa = PBXFileReference; lastKnownFileType = image.png; path = 30_1_img.png; sourceTree = "<group>"; };
		55230BA429B16A8300D0F0DD /* Listening30th.mp3 */ = {isa = PBXFileReference; lastKnownFileType = audio.mp3; path = Listening30th.mp3; sourceTree = "<group>"; };
		55230BAA29B1771C00D0F0DD /* 29_2_img.png */ = {isa = PBXFileReference; lastKnownFileType = image.png; path = 29_2_img.png; sourceTree = "<group>"; };
		55230BAB29B1771C00D0F0DD /* 29_1_img.png */ = {isa = PBXFileReference; lastKnownFileType = image.png; path = 29_1_img.png; sourceTree = "<group>"; };
		55230BAE29B1772900D0F0DD /* 28_2_img.png */ = {isa = PBXFileReference; lastKnownFileType = image.png; path = 28_2_img.png; sourceTree = "<group>"; };
		55230BAF29B1772900D0F0DD /* 28_1_img.png */ = {isa = PBXFileReference; lastKnownFileType = image.png; path = 28_1_img.png; sourceTree = "<group>"; };
		553AF9DD299F6EE4006C6EC0 /* ListeningViewModel.swift */ = {isa = PBXFileReference; lastKnownFileType = sourcecode.swift; path = ListeningViewModel.swift; sourceTree = "<group>"; };
		553B24C029A5B51500F4ED4A /* PopupCell.swift */ = {isa = PBXFileReference; lastKnownFileType = sourcecode.swift; path = PopupCell.swift; sourceTree = "<group>"; };
		55450205299C6090000B48B6 /* QuestionViewModel.swift */ = {isa = PBXFileReference; lastKnownFileType = sourcecode.swift; path = QuestionViewModel.swift; sourceTree = "<group>"; };
		55484BAF29A47BC0005DBE68 /* PopupVC.swift */ = {isa = PBXFileReference; lastKnownFileType = sourcecode.swift; path = PopupVC.swift; sourceTree = "<group>"; };
		55484BB129A4A552005DBE68 /* ListeningQuestionVC.swift */ = {isa = PBXFileReference; lastKnownFileType = sourcecode.swift; path = ListeningQuestionVC.swift; sourceTree = "<group>"; };
		55591B032999BDCE00023195 /* Reading24QuestionModel.swift */ = {isa = PBXFileReference; lastKnownFileType = sourcecode.swift; path = Reading24QuestionModel.swift; sourceTree = "<group>"; };
		55591B0B2999F8F600023195 /* BookMarkTabTableViewCell.swift */ = {isa = PBXFileReference; lastKnownFileType = sourcecode.swift; path = BookMarkTabTableViewCell.swift; sourceTree = "<group>"; };
		55591B10299A071A00023195 /* ReadingQuestionVC.swift */ = {isa = PBXFileReference; lastKnownFileType = sourcecode.swift; path = ReadingQuestionVC.swift; sourceTree = "<group>"; };
		55591B14299A07CF00023195 /* ResultVC.swift */ = {isa = PBXFileReference; lastKnownFileType = sourcecode.swift; path = ResultVC.swift; sourceTree = "<group>"; };
		5590500829947E5700FE3F0D /* README.md */ = {isa = PBXFileReference; fileEncoding = 4; lastKnownFileType = net.daringfireball.markdown; path = README.md; sourceTree = "<group>"; };
		5590500A29948BF900FE3F0D /* MainCoordinator.swift */ = {isa = PBXFileReference; lastKnownFileType = sourcecode.swift; path = MainCoordinator.swift; sourceTree = "<group>"; };
		5590500C29948CB800FE3F0D /* StoryBoarded.swift */ = {isa = PBXFileReference; lastKnownFileType = sourcecode.swift; path = StoryBoarded.swift; sourceTree = "<group>"; };
		5590500F2994AD4700FE3F0D /* MainTabBarViewController.swift */ = {isa = PBXFileReference; lastKnownFileType = sourcecode.swift; path = MainTabBarViewController.swift; sourceTree = "<group>"; };
		559050112994B66F00FE3F0D /* TabBarCoordinator.swift */ = {isa = PBXFileReference; lastKnownFileType = sourcecode.swift; path = TabBarCoordinator.swift; sourceTree = "<group>"; };
		559050152994C81A00FE3F0D /* BookmarkCoordinator.swift */ = {isa = PBXFileReference; lastKnownFileType = sourcecode.swift; path = BookmarkCoordinator.swift; sourceTree = "<group>"; };
		55A99C6629937D9F00AD4FA6 /* CoordinatorApp.app */ = {isa = PBXFileReference; explicitFileType = wrapper.application; includeInIndex = 0; path = CoordinatorApp.app; sourceTree = BUILT_PRODUCTS_DIR; };
		55A99C6929937D9F00AD4FA6 /* AppDelegate.swift */ = {isa = PBXFileReference; lastKnownFileType = sourcecode.swift; path = AppDelegate.swift; sourceTree = "<group>"; };
		55A99C6B29937D9F00AD4FA6 /* SceneDelegate.swift */ = {isa = PBXFileReference; lastKnownFileType = sourcecode.swift; path = SceneDelegate.swift; sourceTree = "<group>"; };
		55A99C6D29937D9F00AD4FA6 /* ViewController.swift */ = {isa = PBXFileReference; lastKnownFileType = sourcecode.swift; path = ViewController.swift; sourceTree = "<group>"; };
		55A99C7029937D9F00AD4FA6 /* Base */ = {isa = PBXFileReference; lastKnownFileType = file.storyboard; name = Base; path = Base.lproj/Main.storyboard; sourceTree = "<group>"; };
		55A99C7229937DA100AD4FA6 /* Assets.xcassets */ = {isa = PBXFileReference; lastKnownFileType = folder.assetcatalog; path = Assets.xcassets; sourceTree = "<group>"; };
		55A99C7529937DA100AD4FA6 /* Base */ = {isa = PBXFileReference; lastKnownFileType = file.storyboard; name = Base; path = Base.lproj/LaunchScreen.storyboard; sourceTree = "<group>"; };
		55A99C7729937DA100AD4FA6 /* Info.plist */ = {isa = PBXFileReference; lastKnownFileType = text.plist.xml; path = Info.plist; sourceTree = "<group>"; };
		55A99C8129938B1100AD4FA6 /* Coordinator.swift */ = {isa = PBXFileReference; lastKnownFileType = sourcecode.swift; path = Coordinator.swift; sourceTree = "<group>"; };
		55BBF3AE2995D18F00A7E991 /* BookMarkTabVC.swift */ = {isa = PBXFileReference; lastKnownFileType = sourcecode.swift; path = BookMarkTabVC.swift; sourceTree = "<group>"; };
		55BBF3B029962C4000A7E991 /* FavoriteCoordinator.swift */ = {isa = PBXFileReference; lastKnownFileType = sourcecode.swift; path = FavoriteCoordinator.swift; sourceTree = "<group>"; };
		55BBF3B229962D4A00A7E991 /* FavoriteTabVC.swift */ = {isa = PBXFileReference; lastKnownFileType = sourcecode.swift; path = FavoriteTabVC.swift; sourceTree = "<group>"; };
		55E1203729B015AE009BEFBC /* Question24.json */ = {isa = PBXFileReference; fileEncoding = 4; lastKnownFileType = text.json; path = Question24.json; sourceTree = "<group>"; };
		55E1203829B015AE009BEFBC /* Listening24th.mp3 */ = {isa = PBXFileReference; lastKnownFileType = audio.mp3; path = Listening24th.mp3; sourceTree = "<group>"; };
		55E1203929B015AE009BEFBC /* Listening24.json */ = {isa = PBXFileReference; fileEncoding = 4; lastKnownFileType = text.json; path = Listening24.json; sourceTree = "<group>"; };
		55E1203A29B015AE009BEFBC /* 24_1_img.png */ = {isa = PBXFileReference; lastKnownFileType = image.png; path = 24_1_img.png; sourceTree = "<group>"; };
		55E1203B29B015AE009BEFBC /* 24_2_img.png */ = {isa = PBXFileReference; lastKnownFileType = image.png; path = 24_2_img.png; sourceTree = "<group>"; };
		55E1203D29B015AE009BEFBC /* 64_9_img.png */ = {isa = PBXFileReference; lastKnownFileType = image.png; path = 64_9_img.png; sourceTree = "<group>"; };
		55E1203E29B015AE009BEFBC /* 64_8_img.png */ = {isa = PBXFileReference; lastKnownFileType = image.png; path = 64_8_img.png; sourceTree = "<group>"; };
		55E1203F29B015AE009BEFBC /* 64_1_img.png */ = {isa = PBXFileReference; lastKnownFileType = image.png; path = 64_1_img.png; sourceTree = "<group>"; };
		55E1204029B015AE009BEFBC /* Question64.json */ = {isa = PBXFileReference; fileEncoding = 4; lastKnownFileType = text.json; path = Question64.json; sourceTree = "<group>"; };
		55E1204129B015AE009BEFBC /* 64_3_img.png */ = {isa = PBXFileReference; lastKnownFileType = image.png; path = 64_3_img.png; sourceTree = "<group>"; };
		55E1204229B015AE009BEFBC /* 64_2_img.png */ = {isa = PBXFileReference; lastKnownFileType = image.png; path = 64_2_img.png; sourceTree = "<group>"; };
		55E1204329B015AE009BEFBC /* 64_7_img.png */ = {isa = PBXFileReference; lastKnownFileType = image.png; path = 64_7_img.png; sourceTree = "<group>"; };
		55E1204429B015AE009BEFBC /* 64_6_img.png */ = {isa = PBXFileReference; lastKnownFileType = image.png; path = 64_6_img.png; sourceTree = "<group>"; };
		55E1204529B015AE009BEFBC /* Listening64.json */ = {isa = PBXFileReference; fileEncoding = 4; lastKnownFileType = text.json; path = Listening64.json; sourceTree = "<group>"; };
		55E1204629B015AE009BEFBC /* 64_10_img.png */ = {isa = PBXFileReference; lastKnownFileType = image.png; path = 64_10_img.png; sourceTree = "<group>"; };
		55E1204729B015AE009BEFBC /* 64_5_img.png */ = {isa = PBXFileReference; lastKnownFileType = image.png; path = 64_5_img.png; sourceTree = "<group>"; };
		55E1204C29B015AE009BEFBC /* Question34.json */ = {isa = PBXFileReference; fileEncoding = 4; lastKnownFileType = text.json; path = Question34.json; sourceTree = "<group>"; };
		55E1204E29B015AE009BEFBC /* Question33.json */ = {isa = PBXFileReference; fileEncoding = 4; lastKnownFileType = text.json; path = Question33.json; sourceTree = "<group>"; };
		55E1204F29B015AE009BEFBC /* Question32.json */ = {isa = PBXFileReference; fileEncoding = 4; lastKnownFileType = text.json; path = Question32.json; sourceTree = "<group>"; };
		55E1205029B015AE009BEFBC /* Question31.json */ = {isa = PBXFileReference; fileEncoding = 4; lastKnownFileType = text.json; path = Question31.json; sourceTree = "<group>"; };
		55E1205329B015AE009BEFBC /* 27_2_img.png */ = {isa = PBXFileReference; lastKnownFileType = image.png; path = 27_2_img.png; sourceTree = "<group>"; };
		55E1205429B015AE009BEFBC /* Listening27.json */ = {isa = PBXFileReference; fileEncoding = 4; lastKnownFileType = text.json; path = Listening27.json; sourceTree = "<group>"; };
		55E1205529B015AE009BEFBC /* 27_1_img.png */ = {isa = PBXFileReference; lastKnownFileType = image.png; path = 27_1_img.png; sourceTree = "<group>"; };
		55E1205629B015AE009BEFBC /* Question27.json */ = {isa = PBXFileReference; fileEncoding = 4; lastKnownFileType = text.json; path = Question27.json; sourceTree = "<group>"; };
		55E1205829B015AE009BEFBC /* Question29.json */ = {isa = PBXFileReference; fileEncoding = 4; lastKnownFileType = text.json; path = Question29.json; sourceTree = "<group>"; };
		55E1205929B015AE009BEFBC /* Listening29th.mp3 */ = {isa = PBXFileReference; lastKnownFileType = audio.mp3; path = Listening29th.mp3; sourceTree = "<group>"; };
		55E1205B29B015AE009BEFBC /* 26_1_img.png */ = {isa = PBXFileReference; lastKnownFileType = image.png; path = 26_1_img.png; sourceTree = "<group>"; };
		55E1205C29B015AE009BEFBC /* Listening26.json */ = {isa = PBXFileReference; fileEncoding = 4; lastKnownFileType = text.json; path = Listening26.json; sourceTree = "<group>"; };
		55E1205D29B015AE009BEFBC /* 26_2_img.png */ = {isa = PBXFileReference; lastKnownFileType = image.png; path = 26_2_img.png; sourceTree = "<group>"; };
		55E1205E29B015AE009BEFBC /* Listening26th.mp3 */ = {isa = PBXFileReference; lastKnownFileType = audio.mp3; path = Listening26th.mp3; sourceTree = "<group>"; };
		55E1205F29B015AE009BEFBC /* Question26.json */ = {isa = PBXFileReference; fileEncoding = 4; lastKnownFileType = text.json; path = Question26.json; sourceTree = "<group>"; };
		55E1206129B015AE009BEFBC /* Question28.json */ = {isa = PBXFileReference; fileEncoding = 4; lastKnownFileType = text.json; path = Question28.json; sourceTree = "<group>"; };
		55E1206229B015AE009BEFBC /* Listening28th.mp3 */ = {isa = PBXFileReference; lastKnownFileType = audio.mp3; path = Listening28th.mp3; sourceTree = "<group>"; };
		55E1206529B015AE009BEFBC /* Listening36th.mp3 */ = {isa = PBXFileReference; lastKnownFileType = audio.mp3; path = Listening36th.mp3; sourceTree = "<group>"; };
		55E1206629B015AE009BEFBC /* Listening36.json */ = {isa = PBXFileReference; fileEncoding = 4; lastKnownFileType = text.json; path = Listening36.json; sourceTree = "<group>"; };
		55E1206729B015AE009BEFBC /* 36_6_img.png */ = {isa = PBXFileReference; lastKnownFileType = image.png; path = 36_6_img.png; sourceTree = "<group>"; };
		55E1206829B015AE009BEFBC /* 36_7_img.png */ = {isa = PBXFileReference; lastKnownFileType = image.png; path = 36_7_img.png; sourceTree = "<group>"; };
		55E1206929B015AE009BEFBC /* 36_5_img.png */ = {isa = PBXFileReference; lastKnownFileType = image.png; path = 36_5_img.png; sourceTree = "<group>"; };
		55E1206A29B015AE009BEFBC /* ￼￼￼36_8_img.png */ = {isa = PBXFileReference; lastKnownFileType = image.png; path = "￼￼￼36_8_img.png"; sourceTree = "<group>"; };
		55E1206B29B015AE009BEFBC /* 36_1_img.png */ = {isa = PBXFileReference; lastKnownFileType = image.png; path = 36_1_img.png; sourceTree = "<group>"; };
		55E1206C29B015AE009BEFBC /* 36_9_img.png */ = {isa = PBXFileReference; lastKnownFileType = image.png; path = 36_9_img.png; sourceTree = "<group>"; };
		55E1206D29B015AE009BEFBC /* 36_2_img.png */ = {isa = PBXFileReference; lastKnownFileType = image.png; path = 36_2_img.png; sourceTree = "<group>"; };
		55E1206E29B015AE009BEFBC /* 36_10_img.png */ = {isa = PBXFileReference; lastKnownFileType = image.png; path = 36_10_img.png; sourceTree = "<group>"; };
		55E1206F29B015AE009BEFBC /* 36_3_img.png */ = {isa = PBXFileReference; lastKnownFileType = image.png; path = 36_3_img.png; sourceTree = "<group>"; };
		55E1207029B015AE009BEFBC /* Question36.json */ = {isa = PBXFileReference; fileEncoding = 4; lastKnownFileType = text.json; path = Question36.json; sourceTree = "<group>"; };
		55E1207229B015AE009BEFBC /* Question25.json */ = {isa = PBXFileReference; fileEncoding = 4; lastKnownFileType = text.json; path = Question25.json; sourceTree = "<group>"; };
		55E1207329B015AE009BEFBC /* Listening25.json */ = {isa = PBXFileReference; fileEncoding = 4; lastKnownFileType = text.json; path = Listening25.json; sourceTree = "<group>"; };
		55E1207429B015AE009BEFBC /* 25_2_img.png */ = {isa = PBXFileReference; lastKnownFileType = image.png; path = 25_2_img.png; sourceTree = "<group>"; };
		55E1207529B015AE009BEFBC /* Listening25th.mp3 */ = {isa = PBXFileReference; lastKnownFileType = audio.mp3; path = Listening25th.mp3; sourceTree = "<group>"; };
		55E1207629B015AE009BEFBC /* 25_1_img.png */ = {isa = PBXFileReference; lastKnownFileType = image.png; path = 25_1_img.png; sourceTree = "<group>"; };
		55E1207729B015AE009BEFBC /* Bundle.swift */ = {isa = PBXFileReference; fileEncoding = 4; lastKnownFileType = sourcecode.swift; path = Bundle.swift; sourceTree = "<group>"; };
		55E1207929B015AE009BEFBC /* Question35.json */ = {isa = PBXFileReference; fileEncoding = 4; lastKnownFileType = text.json; path = Question35.json; sourceTree = "<group>"; };
		55E1207A29B015AE009BEFBC /* 35_2_img.png */ = {isa = PBXFileReference; lastKnownFileType = image.png; path = 35_2_img.png; sourceTree = "<group>"; };
		55E1207B29B015AE009BEFBC /* 35_3_img.png */ = {isa = PBXFileReference; lastKnownFileType = image.png; path = 35_3_img.png; sourceTree = "<group>"; };
		55E1207C29B015AE009BEFBC /* 35_10_img.png */ = {isa = PBXFileReference; lastKnownFileType = image.png; path = 35_10_img.png; sourceTree = "<group>"; };
		55E1207D29B015AE009BEFBC /* Listening35th.mp3 */ = {isa = PBXFileReference; lastKnownFileType = audio.mp3; path = Listening35th.mp3; sourceTree = "<group>"; };
		55E1207E29B015AE009BEFBC /* 35_1_img.png */ = {isa = PBXFileReference; lastKnownFileType = image.png; path = 35_1_img.png; sourceTree = "<group>"; };
		55E1207F29B015AE009BEFBC /* 35_8_img.png */ = {isa = PBXFileReference; lastKnownFileType = image.png; path = 35_8_img.png; sourceTree = "<group>"; };
		55E1208029B015AE009BEFBC /* 35_9_img.png */ = {isa = PBXFileReference; lastKnownFileType = image.png; path = 35_9_img.png; sourceTree = "<group>"; };
		55E1208129B015AE009BEFBC /* 35_5_img.png */ = {isa = PBXFileReference; lastKnownFileType = image.png; path = 35_5_img.png; sourceTree = "<group>"; };
		55E1208229B015AE009BEFBC /* 35_6_img.png */ = {isa = PBXFileReference; lastKnownFileType = image.png; path = 35_6_img.png; sourceTree = "<group>"; };
		55E1208329B015AE009BEFBC /* 35_7_img.png */ = {isa = PBXFileReference; lastKnownFileType = image.png; path = 35_7_img.png; sourceTree = "<group>"; };
		55E1208429B015AE009BEFBC /* Listening35.json */ = {isa = PBXFileReference; fileEncoding = 4; lastKnownFileType = text.json; path = Listening35.json; sourceTree = "<group>"; };
		55E120C929B0972A009BEFBC /* Listening28.json */ = {isa = PBXFileReference; lastKnownFileType = text.json; path = Listening28.json; sourceTree = "<group>"; };
		55E120CA29B09732009BEFBC /* Listening29.json */ = {isa = PBXFileReference; lastKnownFileType = text.json; path = Listening29.json; sourceTree = "<group>"; };
		55E64E6D299B7A7D004481E3 /* ReadingQuestionCollectionViewCell.swift */ = {isa = PBXFileReference; lastKnownFileType = sourcecode.swift; path = ReadingQuestionCollectionViewCell.swift; sourceTree = "<group>"; };
/* End PBXFileReference section */

/* Begin PBXFrameworksBuildPhase section */
		55A99C6329937D9F00AD4FA6 /* Frameworks */ = {
			isa = PBXFrameworksBuildPhase;
			buildActionMask = 2147483647;
			files = (
			);
			runOnlyForDeploymentPostprocessing = 0;
		};
/* End PBXFrameworksBuildPhase section */

/* Begin PBXGroup section */
		55484BAD29A47B70005DBE68 /* Popup */ = {
			isa = PBXGroup;
			children = (
				55484BAF29A47BC0005DBE68 /* PopupVC.swift */,
			);
			path = Popup;
			sourceTree = "<group>";
		};
		55591B012999BD5700023195 /* Model */ = {
			isa = PBXGroup;
			children = (
				55591B032999BDCE00023195 /* Reading24QuestionModel.swift */,
			);
			path = Model;
			sourceTree = "<group>";
		};
		55591B052999C11500023195 /* ViewModel */ = {
			isa = PBXGroup;
			children = (
				55450205299C6090000B48B6 /* QuestionViewModel.swift */,
				553AF9DD299F6EE4006C6EC0 /* ListeningViewModel.swift */,
			);
			path = ViewModel;
			sourceTree = "<group>";
		};
		55591B092999F8B700023195 /* BookMarkTabCell */ = {
			isa = PBXGroup;
			children = (
				55591B0B2999F8F600023195 /* BookMarkTabTableViewCell.swift */,
			);
			path = BookMarkTabCell;
			sourceTree = "<group>";
		};
		55591B0D299A069600023195 /* BookMark */ = {
			isa = PBXGroup;
			children = (
				55591B092999F8B700023195 /* BookMarkTabCell */,
				55BBF3AE2995D18F00A7E991 /* BookMarkTabVC.swift */,
			);
			path = BookMark;
			sourceTree = "<group>";
		};
		55591B0E299A06A700023195 /* Favorite */ = {
			isa = PBXGroup;
			children = (
				55BBF3B229962D4A00A7E991 /* FavoriteTabVC.swift */,
			);
			path = Favorite;
			sourceTree = "<group>";
		};
		55591B0F299A06DC00023195 /* Questions */ = {
			isa = PBXGroup;
			children = (
				55E64E6C299B7A55004481E3 /* ReadingQuestionCell */,
				55591B10299A071A00023195 /* ReadingQuestionVC.swift */,
				55484BB129A4A552005DBE68 /* ListeningQuestionVC.swift */,
			);
			path = Questions;
			sourceTree = "<group>";
		};
		55591B12299A079400023195 /* Result */ = {
			isa = PBXGroup;
			children = (
				55591B14299A07CF00023195 /* ResultVC.swift */,
			);
			path = Result;
			sourceTree = "<group>";
		};
		559050132994C7D700FE3F0D /* ChildCoordinator */ = {
			isa = PBXGroup;
			children = (
				559050152994C81A00FE3F0D /* BookmarkCoordinator.swift */,
				55BBF3B029962C4000A7E991 /* FavoriteCoordinator.swift */,
			);
			path = ChildCoordinator;
			sourceTree = "<group>";
		};
		55A99C5D29937D9F00AD4FA6 = {
			isa = PBXGroup;
			children = (
				5590500829947E5700FE3F0D /* README.md */,
				55A99C6829937D9F00AD4FA6 /* CoordinatorApp */,
				55A99C6729937D9F00AD4FA6 /* Products */,
			);
			sourceTree = "<group>";
		};
		55A99C6729937D9F00AD4FA6 /* Products */ = {
			isa = PBXGroup;
			children = (
				55A99C6629937D9F00AD4FA6 /* CoordinatorApp.app */,
			);
			name = Products;
			sourceTree = "<group>";
		};
		55A99C6829937D9F00AD4FA6 /* CoordinatorApp */ = {
			isa = PBXGroup;
			children = (
				55E1203529B015AE009BEFBC /* Helper */,
				55591B052999C11500023195 /* ViewModel */,
				55591B012999BD5700023195 /* Model */,
				55A99C802993851500AD4FA6 /* TabBarViewController */,
				55A99C7F299381B600AD4FA6 /* StoryBoard */,
				55A99C7E29937FDE00AD4FA6 /* ViewController */,
				55A99C7D29937EE200AD4FA6 /* Coodinators */,
				55A99C6929937D9F00AD4FA6 /* AppDelegate.swift */,
				55A99C6B29937D9F00AD4FA6 /* SceneDelegate.swift */,
				55A99C6D29937D9F00AD4FA6 /* ViewController.swift */,
				55A99C6F29937D9F00AD4FA6 /* Main.storyboard */,
				55A99C7229937DA100AD4FA6 /* Assets.xcassets */,
				55A99C7429937DA100AD4FA6 /* LaunchScreen.storyboard */,
				55A99C7729937DA100AD4FA6 /* Info.plist */,
			);
			path = CoordinatorApp;
			sourceTree = "<group>";
		};
		55A99C7D29937EE200AD4FA6 /* Coodinators */ = {
			isa = PBXGroup;
			children = (
				559050132994C7D700FE3F0D /* ChildCoordinator */,
				5590500A29948BF900FE3F0D /* MainCoordinator.swift */,
				55A99C8129938B1100AD4FA6 /* Coordinator.swift */,
				559050112994B66F00FE3F0D /* TabBarCoordinator.swift */,
			);
			path = Coodinators;
			sourceTree = "<group>";
		};
		55A99C7E29937FDE00AD4FA6 /* ViewController */ = {
			isa = PBXGroup;
			children = (
				55484BAD29A47B70005DBE68 /* Popup */,
				55591B12299A079400023195 /* Result */,
				55591B0F299A06DC00023195 /* Questions */,
				55591B0E299A06A700023195 /* Favorite */,
				55591B0D299A069600023195 /* BookMark */,
			);
			path = ViewController;
			sourceTree = "<group>";
		};
		55A99C7F299381B600AD4FA6 /* StoryBoard */ = {
			isa = PBXGroup;
			children = (
				5590500C29948CB800FE3F0D /* StoryBoarded.swift */,
			);
			path = StoryBoard;
			sourceTree = "<group>";
		};
		55A99C802993851500AD4FA6 /* TabBarViewController */ = {
			isa = PBXGroup;
			children = (
				5590500F2994AD4700FE3F0D /* MainTabBarViewController.swift */,
			);
			path = TabBarViewController;
			sourceTree = "<group>";
		};
		55E1203529B015AE009BEFBC /* Helper */ = {
			isa = PBXGroup;
			children = (
				55E1203629B015AE009BEFBC /* 24th */,
				55E1203C29B015AE009BEFBC /* 64th */,
				55E1204829B015AE009BEFBC /* 30th */,
				55E1204B29B015AE009BEFBC /* QuestionFiles */,
				55E1205229B015AE009BEFBC /* 27th */,
				55E1205729B015AE009BEFBC /* 29th */,
				55E1205A29B015AE009BEFBC /* 26th */,
				55E1206029B015AE009BEFBC /* 28th */,
				55E1206429B015AE009BEFBC /* 36th */,
				55E1207129B015AE009BEFBC /* 25th */,
				55E1207729B015AE009BEFBC /* Bundle.swift */,
				55E1207829B015AE009BEFBC /* 35th */,
			);
			path = Helper;
			sourceTree = "<group>";
		};
		55E1203629B015AE009BEFBC /* 24th */ = {
			isa = PBXGroup;
			children = (
				55E1203729B015AE009BEFBC /* Question24.json */,
				55E1203829B015AE009BEFBC /* Listening24th.mp3 */,
				55E1203929B015AE009BEFBC /* Listening24.json */,
				55E1203A29B015AE009BEFBC /* 24_1_img.png */,
				55E1203B29B015AE009BEFBC /* 24_2_img.png */,
			);
			path = 24th;
			sourceTree = "<group>";
		};
		55E1203C29B015AE009BEFBC /* 64th */ = {
			isa = PBXGroup;
			children = (
				55E1204529B015AE009BEFBC /* Listening64.json */,
				55E1204029B015AE009BEFBC /* Question64.json */,
				55E1203D29B015AE009BEFBC /* 64_9_img.png */,
				55E1203E29B015AE009BEFBC /* 64_8_img.png */,
				55E1203F29B015AE009BEFBC /* 64_1_img.png */,
				55E1204129B015AE009BEFBC /* 64_3_img.png */,
				55E1204229B015AE009BEFBC /* 64_2_img.png */,
				55E1204329B015AE009BEFBC /* 64_7_img.png */,
				55E1204429B015AE009BEFBC /* 64_6_img.png */,
				55E1204629B015AE009BEFBC /* 64_10_img.png */,
				55E1204729B015AE009BEFBC /* 64_5_img.png */,
			);
			path = 64th;
			sourceTree = "<group>";
		};
		55E1204829B015AE009BEFBC /* 30th */ = {
			isa = PBXGroup;
			children = (
				55230BA329B16A8300D0F0DD /* 30_1_img.png */,
				55230BA029B16A8300D0F0DD /* 30_2_img.png */,
				55230BA229B16A8300D0F0DD /* Listening30.json */,
				55230BA429B16A8300D0F0DD /* Listening30th.mp3 */,
				55230BA129B16A8300D0F0DD /* Question30.json */,
			);
			path = 30th;
			sourceTree = "<group>";
		};
		55E1204B29B015AE009BEFBC /* QuestionFiles */ = {
			isa = PBXGroup;
			children = (
				55E1204C29B015AE009BEFBC /* Question34.json */,
				55E1204E29B015AE009BEFBC /* Question33.json */,
				55E1204F29B015AE009BEFBC /* Question32.json */,
				55E1205029B015AE009BEFBC /* Question31.json */,
			);
			path = QuestionFiles;
			sourceTree = "<group>";
		};
		55E1205229B015AE009BEFBC /* 27th */ = {
			isa = PBXGroup;
			children = (
				55E1205329B015AE009BEFBC /* 27_2_img.png */,
				55E1205429B015AE009BEFBC /* Listening27.json */,
				55E1205529B015AE009BEFBC /* 27_1_img.png */,
				55E1205629B015AE009BEFBC /* Question27.json */,
			);
			path = 27th;
			sourceTree = "<group>";
		};
		55E1205729B015AE009BEFBC /* 29th */ = {
			isa = PBXGroup;
			children = (
				55230BAB29B1771C00D0F0DD /* 29_1_img.png */,
				55230BAA29B1771C00D0F0DD /* 29_2_img.png */,
				55E1205829B015AE009BEFBC /* Question29.json */,
				55E120CA29B09732009BEFBC /* Listening29.json */,
				55E1205929B015AE009BEFBC /* Listening29th.mp3 */,
			);
			path = 29th;
			sourceTree = "<group>";
		};
		55E1205A29B015AE009BEFBC /* 26th */ = {
			isa = PBXGroup;
			children = (
				55E1205B29B015AE009BEFBC /* 26_1_img.png */,
				55E1205C29B015AE009BEFBC /* Listening26.json */,
				55E1205D29B015AE009BEFBC /* 26_2_img.png */,
				55E1205E29B015AE009BEFBC /* Listening26th.mp3 */,
				55E1205F29B015AE009BEFBC /* Question26.json */,
			);
			path = 26th;
			sourceTree = "<group>";
		};
		55E1206029B015AE009BEFBC /* 28th */ = {
			isa = PBXGroup;
			children = (
				55230BAF29B1772900D0F0DD /* 28_1_img.png */,
				55230BAE29B1772900D0F0DD /* 28_2_img.png */,
				55E120C929B0972A009BEFBC /* Listening28.json */,
				55E1206129B015AE009BEFBC /* Question28.json */,
				55E1206229B015AE009BEFBC /* Listening28th.mp3 */,
			);
			path = 28th;
			sourceTree = "<group>";
		};
		55E1206429B015AE009BEFBC /* 36th */ = {
			isa = PBXGroup;
			children = (
				55E1206529B015AE009BEFBC /* Listening36th.mp3 */,
				55E1206629B015AE009BEFBC /* Listening36.json */,
				55E1206729B015AE009BEFBC /* 36_6_img.png */,
				55E1206829B015AE009BEFBC /* 36_7_img.png */,
				55E1206929B015AE009BEFBC /* 36_5_img.png */,
				55E1206A29B015AE009BEFBC /* ￼￼￼36_8_img.png */,
				55E1206B29B015AE009BEFBC /* 36_1_img.png */,
				55E1206C29B015AE009BEFBC /* 36_9_img.png */,
				55E1206D29B015AE009BEFBC /* 36_2_img.png */,
				55E1206E29B015AE009BEFBC /* 36_10_img.png */,
				55E1206F29B015AE009BEFBC /* 36_3_img.png */,
				55E1207029B015AE009BEFBC /* Question36.json */,
			);
			path = 36th;
			sourceTree = "<group>";
		};
		55E1207129B015AE009BEFBC /* 25th */ = {
			isa = PBXGroup;
			children = (
				55E1207229B015AE009BEFBC /* Question25.json */,
				55E1207329B015AE009BEFBC /* Listening25.json */,
				55E1207529B015AE009BEFBC /* Listening25th.mp3 */,
				55E1207429B015AE009BEFBC /* 25_2_img.png */,
				55E1207629B015AE009BEFBC /* 25_1_img.png */,
			);
			path = 25th;
			sourceTree = "<group>";
		};
		55E1207829B015AE009BEFBC /* 35th */ = {
			isa = PBXGroup;
			children = (
				55E1207929B015AE009BEFBC /* Question35.json */,
				55E1207A29B015AE009BEFBC /* 35_2_img.png */,
				55E1207B29B015AE009BEFBC /* 35_3_img.png */,
				55E1207C29B015AE009BEFBC /* 35_10_img.png */,
				55E1207D29B015AE009BEFBC /* Listening35th.mp3 */,
				55E1207E29B015AE009BEFBC /* 35_1_img.png */,
				55E1207F29B015AE009BEFBC /* 35_8_img.png */,
				55E1208029B015AE009BEFBC /* 35_9_img.png */,
				55E1208129B015AE009BEFBC /* 35_5_img.png */,
				55E1208229B015AE009BEFBC /* 35_6_img.png */,
				55E1208329B015AE009BEFBC /* 35_7_img.png */,
				55E1208429B015AE009BEFBC /* Listening35.json */,
			);
			path = 35th;
			sourceTree = "<group>";
		};
		55E64E6C299B7A55004481E3 /* ReadingQuestionCell */ = {
			isa = PBXGroup;
			children = (
				55E64E6D299B7A7D004481E3 /* ReadingQuestionCollectionViewCell.swift */,
				553B24C029A5B51500F4ED4A /* PopupCell.swift */,
			);
			path = ReadingQuestionCell;
			sourceTree = "<group>";
		};
/* End PBXGroup section */

/* Begin PBXNativeTarget section */
		55A99C6529937D9F00AD4FA6 /* CoordinatorApp */ = {
			isa = PBXNativeTarget;
			buildConfigurationList = 55A99C7A29937DA100AD4FA6 /* Build configuration list for PBXNativeTarget "CoordinatorApp" */;
			buildPhases = (
				55A99C6229937D9F00AD4FA6 /* Sources */,
				55A99C6329937D9F00AD4FA6 /* Frameworks */,
				55A99C6429937D9F00AD4FA6 /* Resources */,
			);
			buildRules = (
			);
			dependencies = (
			);
			name = CoordinatorApp;
			productName = CoordinatorApp;
			productReference = 55A99C6629937D9F00AD4FA6 /* CoordinatorApp.app */;
			productType = "com.apple.product-type.application";
		};
/* End PBXNativeTarget section */

/* Begin PBXProject section */
		55A99C5E29937D9F00AD4FA6 /* Project object */ = {
			isa = PBXProject;
			attributes = {
				BuildIndependentTargetsInParallel = 1;
				LastSwiftUpdateCheck = 1420;
				LastUpgradeCheck = 1420;
				TargetAttributes = {
					55A99C6529937D9F00AD4FA6 = {
						CreatedOnToolsVersion = 14.2;
					};
				};
			};
			buildConfigurationList = 55A99C6129937D9F00AD4FA6 /* Build configuration list for PBXProject "CoordinatorApp" */;
			compatibilityVersion = "Xcode 14.0";
			developmentRegion = en;
			hasScannedForEncodings = 0;
			knownRegions = (
				en,
				Base,
			);
			mainGroup = 55A99C5D29937D9F00AD4FA6;
			productRefGroup = 55A99C6729937D9F00AD4FA6 /* Products */;
			projectDirPath = "";
			projectRoot = "";
			targets = (
				55A99C6529937D9F00AD4FA6 /* CoordinatorApp */,
			);
		};
/* End PBXProject section */

/* Begin PBXResourcesBuildPhase section */
		55A99C6429937D9F00AD4FA6 /* Resources */ = {
			isa = PBXResourcesBuildPhase;
			buildActionMask = 2147483647;
			files = (
				55E120BB29B015AE009BEFBC /* 25_1_img.png in Resources */,
				55E1208929B015AE009BEFBC /* 24_2_img.png in Resources */,
				55E1209E29B015AE009BEFBC /* Listening27.json in Resources */,
				55E120AD29B015AE009BEFBC /* 36_6_img.png in Resources */,
				55E1209429B015AE009BEFBC /* 64_5_img.png in Resources */,
				55E120C229B015AE009BEFBC /* 35_1_img.png in Resources */,
				55E1208C29B015AE009BEFBC /* 64_1_img.png in Resources */,
				55E120A529B015AE009BEFBC /* 26_2_img.png in Resources */,
				55E120AE29B015AE009BEFBC /* 36_7_img.png in Resources */,
				55E120BA29B015AE009BEFBC /* Listening25th.mp3 in Resources */,
				55E120BF29B015AE009BEFBC /* 35_3_img.png in Resources */,
				55E1208529B015AE009BEFBC /* Question24.json in Resources */,
				55230BAD29B1771C00D0F0DD /* 29_1_img.png in Resources */,
				55E120B629B015AE009BEFBC /* Question36.json in Resources */,
				55E120C429B015AE009BEFBC /* 35_9_img.png in Resources */,
				55E120A829B015AE009BEFBC /* Question28.json in Resources */,
				55230BB129B1772900D0F0DD /* 28_1_img.png in Resources */,
				55230BAC29B1771C00D0F0DD /* 29_2_img.png in Resources */,
				55E1208829B015AE009BEFBC /* 24_1_img.png in Resources */,
				55E1208B29B015AE009BEFBC /* 64_8_img.png in Resources */,
				55E120AC29B015AE009BEFBC /* Listening36.json in Resources */,
				55A99C7629937DA100AD4FA6 /* LaunchScreen.storyboard in Resources */,
				55E120AB29B015AE009BEFBC /* Listening36th.mp3 in Resources */,
				55E1209929B015AE009BEFBC /* Question33.json in Resources */,
				55E1209D29B015AE009BEFBC /* 27_2_img.png in Resources */,
				55A99C7329937DA100AD4FA6 /* Assets.xcassets in Resources */,
				55E120A229B015AE009BEFBC /* Listening29th.mp3 in Resources */,
				55E120C729B015AE009BEFBC /* 35_7_img.png in Resources */,
				55E1208E29B015AE009BEFBC /* 64_3_img.png in Resources */,
				55E1208729B015AE009BEFBC /* Listening24.json in Resources */,
				55E120C329B015AE009BEFBC /* 35_8_img.png in Resources */,
				55E120B829B015AE009BEFBC /* Listening25.json in Resources */,
				55E1209129B015AE009BEFBC /* 64_6_img.png in Resources */,
				55230BA929B16A8300D0F0DD /* Listening30th.mp3 in Resources */,
				55230BA629B16A8300D0F0DD /* Question30.json in Resources */,
				55E120C029B015AE009BEFBC /* 35_10_img.png in Resources */,
				55E120A629B015AE009BEFBC /* Listening26th.mp3 in Resources */,
				55230BB029B1772900D0F0DD /* 28_2_img.png in Resources */,
				55E120B729B015AE009BEFBC /* Question25.json in Resources */,
				55E1208F29B015AE009BEFBC /* 64_2_img.png in Resources */,
				55E1209B29B015AE009BEFBC /* Question31.json in Resources */,
				55E120B029B015AE009BEFBC /* ￼￼￼36_8_img.png in Resources */,
				55E120C129B015AE009BEFBC /* Listening35th.mp3 in Resources */,
				55E120A329B015AE009BEFBC /* 26_1_img.png in Resources */,
				55E120C829B015AE009BEFBC /* Listening35.json in Resources */,
				55E120A429B015AE009BEFBC /* Listening26.json in Resources */,
				55E120B529B015AE009BEFBC /* 36_3_img.png in Resources */,
				55E1209329B015AE009BEFBC /* 64_10_img.png in Resources */,
				5590500929947E5700FE3F0D /* README.md in Resources */,
				55E120C529B015AE009BEFBC /* 35_5_img.png in Resources */,
				55E120C629B015AE009BEFBC /* 35_6_img.png in Resources */,
				55230BA729B16A8300D0F0DD /* Listening30.json in Resources */,
				55230BA529B16A8300D0F0DD /* 30_2_img.png in Resources */,
				55E120B129B015AE009BEFBC /* 36_1_img.png in Resources */,
				55E120B929B015AE009BEFBC /* 25_2_img.png in Resources */,
				55E1209F29B015AE009BEFBC /* 27_1_img.png in Resources */,
				55E1209729B015AE009BEFBC /* Question34.json in Resources */,
				55E120BE29B015AE009BEFBC /* 35_2_img.png in Resources */,
				55E1209029B015AE009BEFBC /* 64_7_img.png in Resources */,
				55230BA829B16A8300D0F0DD /* 30_1_img.png in Resources */,
				55E120AF29B015AE009BEFBC /* 36_5_img.png in Resources */,
				55E120B429B015AE009BEFBC /* 36_10_img.png in Resources */,
				55E1209A29B015AE009BEFBC /* Question32.json in Resources */,
				55E1209229B015AE009BEFBC /* Listening64.json in Resources */,
				55E120A929B015AE009BEFBC /* Listening28th.mp3 in Resources */,
				55E120A129B015AE009BEFBC /* Question29.json in Resources */,
				55E1208D29B015AE009BEFBC /* Question64.json in Resources */,
				55E1208A29B015AE009BEFBC /* 64_9_img.png in Resources */,
				55E120BD29B015AE009BEFBC /* Question35.json in Resources */,
				55E120A029B015AE009BEFBC /* Question27.json in Resources */,
				55E120B229B015AE009BEFBC /* 36_9_img.png in Resources */,
				55E1208629B015AE009BEFBC /* Listening24th.mp3 in Resources */,
				55A99C7129937D9F00AD4FA6 /* Main.storyboard in Resources */,
				55E120A729B015AE009BEFBC /* Question26.json in Resources */,
				55E120B329B015AE009BEFBC /* 36_2_img.png in Resources */,
			);
			runOnlyForDeploymentPostprocessing = 0;
		};
/* End PBXResourcesBuildPhase section */

/* Begin PBXSourcesBuildPhase section */
		55A99C6229937D9F00AD4FA6 /* Sources */ = {
			isa = PBXSourcesBuildPhase;
			buildActionMask = 2147483647;
			files = (
				55591B042999BDCE00023195 /* Reading24QuestionModel.swift in Sources */,
				55591B15299A07CF00023195 /* ResultVC.swift in Sources */,
				55A99C8229938B1100AD4FA6 /* Coordinator.swift in Sources */,
				559050162994C81A00FE3F0D /* BookmarkCoordinator.swift in Sources */,
				55BBF3AF2995D18F00A7E991 /* BookMarkTabVC.swift in Sources */,
				55A99C6E29937D9F00AD4FA6 /* ViewController.swift in Sources */,
				55BBF3B329962D4A00A7E991 /* FavoriteTabVC.swift in Sources */,
				559050122994B66F00FE3F0D /* TabBarCoordinator.swift in Sources */,
				55591B0C2999F8F600023195 /* BookMarkTabTableViewCell.swift in Sources */,
				55484BB229A4A552005DBE68 /* ListeningQuestionVC.swift in Sources */,
				55A99C6A29937D9F00AD4FA6 /* AppDelegate.swift in Sources */,
				55E120BC29B015AE009BEFBC /* Bundle.swift in Sources */,
				559050102994AD4700FE3F0D /* MainTabBarViewController.swift in Sources */,
				55484BB029A47BC0005DBE68 /* PopupVC.swift in Sources */,
				553AF9DE299F6EE4006C6EC0 /* ListeningViewModel.swift in Sources */,
				55591B11299A071A00023195 /* ReadingQuestionVC.swift in Sources */,
				553B24C129A5B51500F4ED4A /* PopupCell.swift in Sources */,
				5590500D29948CB800FE3F0D /* StoryBoarded.swift in Sources */,
				55450206299C6090000B48B6 /* QuestionViewModel.swift in Sources */,
				55E64E6E299B7A7D004481E3 /* ReadingQuestionCollectionViewCell.swift in Sources */,
				5590500B29948BF900FE3F0D /* MainCoordinator.swift in Sources */,
				55BBF3B129962C4000A7E991 /* FavoriteCoordinator.swift in Sources */,
				55A99C6C29937D9F00AD4FA6 /* SceneDelegate.swift in Sources */,
			);
			runOnlyForDeploymentPostprocessing = 0;
		};
/* End PBXSourcesBuildPhase section */

/* Begin PBXVariantGroup section */
		55A99C6F29937D9F00AD4FA6 /* Main.storyboard */ = {
			isa = PBXVariantGroup;
			children = (
				55A99C7029937D9F00AD4FA6 /* Base */,
			);
			name = Main.storyboard;
			sourceTree = "<group>";
		};
		55A99C7429937DA100AD4FA6 /* LaunchScreen.storyboard */ = {
			isa = PBXVariantGroup;
			children = (
				55A99C7529937DA100AD4FA6 /* Base */,
			);
			name = LaunchScreen.storyboard;
			sourceTree = "<group>";
		};
/* End PBXVariantGroup section */

/* Begin XCBuildConfiguration section */
		55A99C7829937DA100AD4FA6 /* Debug */ = {
			isa = XCBuildConfiguration;
			buildSettings = {
				ALWAYS_SEARCH_USER_PATHS = NO;
				CLANG_ANALYZER_NONNULL = YES;
				CLANG_ANALYZER_NUMBER_OBJECT_CONVERSION = YES_AGGRESSIVE;
				CLANG_CXX_LANGUAGE_STANDARD = "gnu++20";
				CLANG_ENABLE_MODULES = YES;
				CLANG_ENABLE_OBJC_ARC = YES;
				CLANG_ENABLE_OBJC_WEAK = YES;
				CLANG_WARN_BLOCK_CAPTURE_AUTORELEASING = YES;
				CLANG_WARN_BOOL_CONVERSION = YES;
				CLANG_WARN_COMMA = YES;
				CLANG_WARN_CONSTANT_CONVERSION = YES;
				CLANG_WARN_DEPRECATED_OBJC_IMPLEMENTATIONS = YES;
				CLANG_WARN_DIRECT_OBJC_ISA_USAGE = YES_ERROR;
				CLANG_WARN_DOCUMENTATION_COMMENTS = YES;
				CLANG_WARN_EMPTY_BODY = YES;
				CLANG_WARN_ENUM_CONVERSION = YES;
				CLANG_WARN_INFINITE_RECURSION = YES;
				CLANG_WARN_INT_CONVERSION = YES;
				CLANG_WARN_NON_LITERAL_NULL_CONVERSION = YES;
				CLANG_WARN_OBJC_IMPLICIT_RETAIN_SELF = YES;
				CLANG_WARN_OBJC_LITERAL_CONVERSION = YES;
				CLANG_WARN_OBJC_ROOT_CLASS = YES_ERROR;
				CLANG_WARN_QUOTED_INCLUDE_IN_FRAMEWORK_HEADER = YES;
				CLANG_WARN_RANGE_LOOP_ANALYSIS = YES;
				CLANG_WARN_STRICT_PROTOTYPES = YES;
				CLANG_WARN_SUSPICIOUS_MOVE = YES;
				CLANG_WARN_UNGUARDED_AVAILABILITY = YES_AGGRESSIVE;
				CLANG_WARN_UNREACHABLE_CODE = YES;
				CLANG_WARN__DUPLICATE_METHOD_MATCH = YES;
				COPY_PHASE_STRIP = NO;
				DEBUG_INFORMATION_FORMAT = dwarf;
				ENABLE_STRICT_OBJC_MSGSEND = YES;
				ENABLE_TESTABILITY = YES;
				GCC_C_LANGUAGE_STANDARD = gnu11;
				GCC_DYNAMIC_NO_PIC = NO;
				GCC_NO_COMMON_BLOCKS = YES;
				GCC_OPTIMIZATION_LEVEL = 0;
				GCC_PREPROCESSOR_DEFINITIONS = (
					"DEBUG=1",
					"$(inherited)",
				);
				GCC_WARN_64_TO_32_BIT_CONVERSION = YES;
				GCC_WARN_ABOUT_RETURN_TYPE = YES_ERROR;
				GCC_WARN_UNDECLARED_SELECTOR = YES;
				GCC_WARN_UNINITIALIZED_AUTOS = YES_AGGRESSIVE;
				GCC_WARN_UNUSED_FUNCTION = YES;
				GCC_WARN_UNUSED_VARIABLE = YES;
				IPHONEOS_DEPLOYMENT_TARGET = 16.2;
				MTL_ENABLE_DEBUG_INFO = INCLUDE_SOURCE;
				MTL_FAST_MATH = YES;
				ONLY_ACTIVE_ARCH = YES;
				SDKROOT = iphoneos;
				SWIFT_ACTIVE_COMPILATION_CONDITIONS = DEBUG;
				SWIFT_OPTIMIZATION_LEVEL = "-Onone";
			};
			name = Debug;
		};
		55A99C7929937DA100AD4FA6 /* Release */ = {
			isa = XCBuildConfiguration;
			buildSettings = {
				ALWAYS_SEARCH_USER_PATHS = NO;
				CLANG_ANALYZER_NONNULL = YES;
				CLANG_ANALYZER_NUMBER_OBJECT_CONVERSION = YES_AGGRESSIVE;
				CLANG_CXX_LANGUAGE_STANDARD = "gnu++20";
				CLANG_ENABLE_MODULES = YES;
				CLANG_ENABLE_OBJC_ARC = YES;
				CLANG_ENABLE_OBJC_WEAK = YES;
				CLANG_WARN_BLOCK_CAPTURE_AUTORELEASING = YES;
				CLANG_WARN_BOOL_CONVERSION = YES;
				CLANG_WARN_COMMA = YES;
				CLANG_WARN_CONSTANT_CONVERSION = YES;
				CLANG_WARN_DEPRECATED_OBJC_IMPLEMENTATIONS = YES;
				CLANG_WARN_DIRECT_OBJC_ISA_USAGE = YES_ERROR;
				CLANG_WARN_DOCUMENTATION_COMMENTS = YES;
				CLANG_WARN_EMPTY_BODY = YES;
				CLANG_WARN_ENUM_CONVERSION = YES;
				CLANG_WARN_INFINITE_RECURSION = YES;
				CLANG_WARN_INT_CONVERSION = YES;
				CLANG_WARN_NON_LITERAL_NULL_CONVERSION = YES;
				CLANG_WARN_OBJC_IMPLICIT_RETAIN_SELF = YES;
				CLANG_WARN_OBJC_LITERAL_CONVERSION = YES;
				CLANG_WARN_OBJC_ROOT_CLASS = YES_ERROR;
				CLANG_WARN_QUOTED_INCLUDE_IN_FRAMEWORK_HEADER = YES;
				CLANG_WARN_RANGE_LOOP_ANALYSIS = YES;
				CLANG_WARN_STRICT_PROTOTYPES = YES;
				CLANG_WARN_SUSPICIOUS_MOVE = YES;
				CLANG_WARN_UNGUARDED_AVAILABILITY = YES_AGGRESSIVE;
				CLANG_WARN_UNREACHABLE_CODE = YES;
				CLANG_WARN__DUPLICATE_METHOD_MATCH = YES;
				COPY_PHASE_STRIP = NO;
				DEBUG_INFORMATION_FORMAT = "dwarf-with-dsym";
				ENABLE_NS_ASSERTIONS = NO;
				ENABLE_STRICT_OBJC_MSGSEND = YES;
				GCC_C_LANGUAGE_STANDARD = gnu11;
				GCC_NO_COMMON_BLOCKS = YES;
				GCC_WARN_64_TO_32_BIT_CONVERSION = YES;
				GCC_WARN_ABOUT_RETURN_TYPE = YES_ERROR;
				GCC_WARN_UNDECLARED_SELECTOR = YES;
				GCC_WARN_UNINITIALIZED_AUTOS = YES_AGGRESSIVE;
				GCC_WARN_UNUSED_FUNCTION = YES;
				GCC_WARN_UNUSED_VARIABLE = YES;
				IPHONEOS_DEPLOYMENT_TARGET = 16.2;
				MTL_ENABLE_DEBUG_INFO = NO;
				MTL_FAST_MATH = YES;
				SDKROOT = iphoneos;
				SWIFT_COMPILATION_MODE = wholemodule;
				SWIFT_OPTIMIZATION_LEVEL = "-O";
				VALIDATE_PRODUCT = YES;
			};
			name = Release;
		};
		55A99C7B29937DA100AD4FA6 /* Debug */ = {
			isa = XCBuildConfiguration;
			buildSettings = {
				ASSETCATALOG_COMPILER_APPICON_NAME = AppIcon;
				ASSETCATALOG_COMPILER_GLOBAL_ACCENT_COLOR_NAME = AccentColor;
				CODE_SIGN_IDENTITY = "Apple Development";
				CODE_SIGN_STYLE = Automatic;
				CURRENT_PROJECT_VERSION = 1.0.0;
				DEVELOPMENT_TEAM = 62EMNW6G6D;
				GENERATE_INFOPLIST_FILE = YES;
				INFOPLIST_FILE = CoordinatorApp/Info.plist;
				INFOPLIST_KEY_CFBundleDisplayName = Coordinator;
				INFOPLIST_KEY_UIApplicationSupportsIndirectInputEvents = YES;
				INFOPLIST_KEY_UILaunchStoryboardName = LaunchScreen;
				INFOPLIST_KEY_UIMainStoryboardFile = Main;
				INFOPLIST_KEY_UISupportedInterfaceOrientations_iPad = "UIInterfaceOrientationPortrait UIInterfaceOrientationPortraitUpsideDown UIInterfaceOrientationLandscapeLeft UIInterfaceOrientationLandscapeRight";
				INFOPLIST_KEY_UISupportedInterfaceOrientations_iPhone = "UIInterfaceOrientationPortrait UIInterfaceOrientationLandscapeLeft UIInterfaceOrientationLandscapeRight";
				LD_RUNPATH_SEARCH_PATHS = (
					"$(inherited)",
					"@executable_path/Frameworks",
				);
				MARKETING_VERSION = 1.0.0;
				PRODUCT_BUNDLE_IDENTIFIER = co.kr.kosignbook.CoordinatorApp;
				PRODUCT_NAME = "$(TARGET_NAME)";
				PROVISIONING_PROFILE_SPECIFIER = "";
				SWIFT_EMIT_LOC_STRINGS = YES;
				SWIFT_VERSION = 5.0;
				TARGETED_DEVICE_FAMILY = "1,2";
			};
			name = Debug;
		};
		55A99C7C29937DA100AD4FA6 /* Release */ = {
			isa = XCBuildConfiguration;
			buildSettings = {
				ASSETCATALOG_COMPILER_APPICON_NAME = AppIcon;
				ASSETCATALOG_COMPILER_GLOBAL_ACCENT_COLOR_NAME = AccentColor;
				CODE_SIGN_IDENTITY = "Apple Development";
				CODE_SIGN_STYLE = Automatic;
				CURRENT_PROJECT_VERSION = 1.0.0;
				DEVELOPMENT_TEAM = 62EMNW6G6D;
				GENERATE_INFOPLIST_FILE = YES;
				INFOPLIST_FILE = CoordinatorApp/Info.plist;
				INFOPLIST_KEY_CFBundleDisplayName = Coordinator;
				INFOPLIST_KEY_UIApplicationSupportsIndirectInputEvents = YES;
				INFOPLIST_KEY_UILaunchStoryboardName = LaunchScreen;
				INFOPLIST_KEY_UIMainStoryboardFile = Main;
				INFOPLIST_KEY_UISupportedInterfaceOrientations_iPad = "UIInterfaceOrientationPortrait UIInterfaceOrientationPortraitUpsideDown UIInterfaceOrientationLandscapeLeft UIInterfaceOrientationLandscapeRight";
				INFOPLIST_KEY_UISupportedInterfaceOrientations_iPhone = "UIInterfaceOrientationPortrait UIInterfaceOrientationLandscapeLeft UIInterfaceOrientationLandscapeRight";
				LD_RUNPATH_SEARCH_PATHS = (
					"$(inherited)",
					"@executable_path/Frameworks",
				);
				MARKETING_VERSION = 1.0.0;
				PRODUCT_BUNDLE_IDENTIFIER = co.kr.kosignbook.CoordinatorApp;
				PRODUCT_NAME = "$(TARGET_NAME)";
				PROVISIONING_PROFILE_SPECIFIER = "";
				SWIFT_EMIT_LOC_STRINGS = YES;
				SWIFT_VERSION = 5.0;
				TARGETED_DEVICE_FAMILY = "1,2";
			};
			name = Release;
		};
/* End XCBuildConfiguration section */

/* Begin XCConfigurationList section */
		55A99C6129937D9F00AD4FA6 /* Build configuration list for PBXProject "CoordinatorApp" */ = {
			isa = XCConfigurationList;
			buildConfigurations = (
				55A99C7829937DA100AD4FA6 /* Debug */,
				55A99C7929937DA100AD4FA6 /* Release */,
			);
			defaultConfigurationIsVisible = 0;
			defaultConfigurationName = Release;
		};
		55A99C7A29937DA100AD4FA6 /* Build configuration list for PBXNativeTarget "CoordinatorApp" */ = {
			isa = XCConfigurationList;
			buildConfigurations = (
				55A99C7B29937DA100AD4FA6 /* Debug */,
				55A99C7C29937DA100AD4FA6 /* Release */,
			);
			defaultConfigurationIsVisible = 0;
			defaultConfigurationName = Release;
		};
/* End XCConfigurationList section */
	};
	rootObject = 55A99C5E29937D9F00AD4FA6 /* Project object */;
}
