// !$*UTF8*$!
{
	archiveVersion = 1;
	classes = {
	};
	objectVersion = 56;
	objects = {

/* Begin PBXBuildFile section */
		55002D0F294FDE2100C690C2 /* MainMenViewModel.swift in Sources */ = {isa = PBXBuildFile; fileRef = 55002D0E294FDE2100C690C2 /* MainMenViewModel.swift */; };
		55002D12294FED1900C690C2 /* MenuTableViewCell.swift in Sources */ = {isa = PBXBuildFile; fileRef = 55002D11294FED1900C690C2 /* MenuTableViewCell.swift */; };
		5549D77A29513BE8000AEB19 /* ContactModel.swift in Sources */ = {isa = PBXBuildFile; fileRef = 5549D77929513BE8000AEB19 /* ContactModel.swift */; };
		5549D77C29513C86000AEB19 /* ContactViewModel.swift in Sources */ = {isa = PBXBuildFile; fileRef = 5549D77B29513C86000AEB19 /* ContactViewModel.swift */; };
		5549D77E29513F63000AEB19 /* ContactSB.storyboard in Resources */ = {isa = PBXBuildFile; fileRef = 5549D77D29513F63000AEB19 /* ContactSB.storyboard */; };
		5549D78029513F88000AEB19 /* ContactViewController.swift in Sources */ = {isa = PBXBuildFile; fileRef = 5549D77F29513F88000AEB19 /* ContactViewController.swift */; };
		557BE262294BEA2E001D4DAC /* AppDelegate.swift in Sources */ = {isa = PBXBuildFile; fileRef = 557BE261294BEA2E001D4DAC /* AppDelegate.swift */; };
		557BE264294BEA2E001D4DAC /* SceneDelegate.swift in Sources */ = {isa = PBXBuildFile; fileRef = 557BE263294BEA2E001D4DAC /* SceneDelegate.swift */; };
		557BE266294BEA2E001D4DAC /* MainMenuViewController.swift in Sources */ = {isa = PBXBuildFile; fileRef = 557BE265294BEA2E001D4DAC /* MainMenuViewController.swift */; };
		557BE269294BEA2E001D4DAC /* MainMenuSB.storyboard in Resources */ = {isa = PBXBuildFile; fileRef = 557BE267294BEA2E001D4DAC /* MainMenuSB.storyboard */; };
		557BE26B294BEA2F001D4DAC /* Assets.xcassets in Resources */ = {isa = PBXBuildFile; fileRef = 557BE26A294BEA2F001D4DAC /* Assets.xcassets */; };
		557BE26E294BEA2F001D4DAC /* LaunchScreen.storyboard in Resources */ = {isa = PBXBuildFile; fileRef = 557BE26C294BEA2F001D4DAC /* LaunchScreen.storyboard */; };
		557BE27E294BF5BD001D4DAC /* MainMenuModel.swift in Sources */ = {isa = PBXBuildFile; fileRef = 557BE27D294BF5BD001D4DAC /* MainMenuModel.swift */; };
		557BE281294BFC85001D4DAC /* README.md in Resources */ = {isa = PBXBuildFile; fileRef = 557BE280294BFC85001D4DAC /* README.md */; };
/* End PBXBuildFile section */

/* Begin PBXFileReference section */
		55002D0E294FDE2100C690C2 /* MainMenViewModel.swift */ = {isa = PBXFileReference; lastKnownFileType = sourcecode.swift; path = MainMenViewModel.swift; sourceTree = "<group>"; };
		55002D11294FED1900C690C2 /* MenuTableViewCell.swift */ = {isa = PBXFileReference; lastKnownFileType = sourcecode.swift; path = MenuTableViewCell.swift; sourceTree = "<group>"; };
		5549D77929513BE8000AEB19 /* ContactModel.swift */ = {isa = PBXFileReference; lastKnownFileType = sourcecode.swift; path = ContactModel.swift; sourceTree = "<group>"; };
		5549D77B29513C86000AEB19 /* ContactViewModel.swift */ = {isa = PBXFileReference; lastKnownFileType = sourcecode.swift; path = ContactViewModel.swift; sourceTree = "<group>"; };
		5549D77D29513F63000AEB19 /* ContactSB.storyboard */ = {isa = PBXFileReference; lastKnownFileType = file.storyboard; path = ContactSB.storyboard; sourceTree = "<group>"; };
		5549D77F29513F88000AEB19 /* ContactViewController.swift */ = {isa = PBXFileReference; lastKnownFileType = sourcecode.swift; path = ContactViewController.swift; sourceTree = "<group>"; };
		557BE25E294BEA2E001D4DAC /* TableView_1.app */ = {isa = PBXFileReference; explicitFileType = wrapper.application; includeInIndex = 0; path = TableView_1.app; sourceTree = BUILT_PRODUCTS_DIR; };
		557BE261294BEA2E001D4DAC /* AppDelegate.swift */ = {isa = PBXFileReference; lastKnownFileType = sourcecode.swift; path = AppDelegate.swift; sourceTree = "<group>"; };
		557BE263294BEA2E001D4DAC /* SceneDelegate.swift */ = {isa = PBXFileReference; lastKnownFileType = sourcecode.swift; path = SceneDelegate.swift; sourceTree = "<group>"; };
		557BE265294BEA2E001D4DAC /* MainMenuViewController.swift */ = {isa = PBXFileReference; lastKnownFileType = sourcecode.swift; path = MainMenuViewController.swift; sourceTree = "<group>"; };
		557BE268294BEA2E001D4DAC /* Base */ = {isa = PBXFileReference; lastKnownFileType = file.storyboard; name = Base; path = Base.lproj/MainMenuSB.storyboard; sourceTree = "<group>"; };
		557BE26A294BEA2F001D4DAC /* Assets.xcassets */ = {isa = PBXFileReference; lastKnownFileType = folder.assetcatalog; path = Assets.xcassets; sourceTree = "<group>"; };
		557BE26D294BEA2F001D4DAC /* Base */ = {isa = PBXFileReference; lastKnownFileType = file.storyboard; name = Base; path = Base.lproj/LaunchScreen.storyboard; sourceTree = "<group>"; };
		557BE26F294BEA2F001D4DAC /* Info.plist */ = {isa = PBXFileReference; lastKnownFileType = text.plist.xml; path = Info.plist; sourceTree = "<group>"; };
		557BE27D294BF5BD001D4DAC /* MainMenuModel.swift */ = {isa = PBXFileReference; lastKnownFileType = sourcecode.swift; path = MainMenuModel.swift; sourceTree = "<group>"; };
		557BE280294BFC85001D4DAC /* README.md */ = {isa = PBXFileReference; fileEncoding = 4; lastKnownFileType = net.daringfireball.markdown; path = README.md; sourceTree = "<group>"; };
/* End PBXFileReference section */

/* Begin PBXFrameworksBuildPhase section */
		557BE25B294BEA2E001D4DAC /* Frameworks */ = {
			isa = PBXFrameworksBuildPhase;
			buildActionMask = 2147483647;
			files = (
			);
			runOnlyForDeploymentPostprocessing = 0;
		};
/* End PBXFrameworksBuildPhase section */

/* Begin PBXGroup section */
		55002D10294FECEB00C690C2 /* MenuCell */ = {
			isa = PBXGroup;
			children = (
				55002D11294FED1900C690C2 /* MenuTableViewCell.swift */,
			);
			path = MenuCell;
			sourceTree = "<group>";
		};
		5549D772295136C0000AEB19 /* ArrayModelWithTableView */ = {
			isa = PBXGroup;
			children = (
				5549D77629513730000AEB19 /* ContactList */,
				5549D77729513743000AEB19 /* CustomPopup */,
			);
			path = ArrayModelWithTableView;
			sourceTree = "<group>";
		};
		5549D773295136F7000AEB19 /* View */ = {
			isa = PBXGroup;
			children = (
				5549D77D29513F63000AEB19 /* ContactSB.storyboard */,
				5549D77F29513F88000AEB19 /* ContactViewController.swift */,
			);
			path = View;
			sourceTree = "<group>";
		};
		5549D774295136FD000AEB19 /* ViewModel */ = {
			isa = PBXGroup;
			children = (
				5549D77B29513C86000AEB19 /* ContactViewModel.swift */,
			);
			path = ViewModel;
			sourceTree = "<group>";
		};
		5549D7752951370F000AEB19 /* Model */ = {
			isa = PBXGroup;
			children = (
				5549D77929513BE8000AEB19 /* ContactModel.swift */,
			);
			path = Model;
			sourceTree = "<group>";
		};
		5549D77629513730000AEB19 /* ContactList */ = {
			isa = PBXGroup;
			children = (
				5549D7752951370F000AEB19 /* Model */,
				5549D774295136FD000AEB19 /* ViewModel */,
				5549D773295136F7000AEB19 /* View */,
			);
			path = ContactList;
			sourceTree = "<group>";
		};
		5549D77729513743000AEB19 /* CustomPopup */ = {
			isa = PBXGroup;
			children = (
			);
			path = CustomPopup;
			sourceTree = "<group>";
		};
		557BE255294BEA2E001D4DAC = {
			isa = PBXGroup;
			children = (
				557BE280294BFC85001D4DAC /* README.md */,
				557BE260294BEA2E001D4DAC /* TableView_1 */,
				557BE25F294BEA2E001D4DAC /* Products */,
			);
			sourceTree = "<group>";
		};
		557BE25F294BEA2E001D4DAC /* Products */ = {
			isa = PBXGroup;
			children = (
				557BE25E294BEA2E001D4DAC /* TableView_1.app */,
			);
			name = Products;
			sourceTree = "<group>";
		};
		557BE260294BEA2E001D4DAC /* TableView_1 */ = {
			isa = PBXGroup;
			children = (
				557BE278294BEB1F001D4DAC /* Helper */,
				557BE277294BEB0D001D4DAC /* Application */,
				557BE276294BEA8A001D4DAC /* Resource */,
				557BE275294BEA79001D4DAC /* AppDelegate */,
				557BE26F294BEA2F001D4DAC /* Info.plist */,
			);
			path = TableView_1;
			sourceTree = "<group>";
		};
		557BE275294BEA79001D4DAC /* AppDelegate */ = {
			isa = PBXGroup;
			children = (
				557BE263294BEA2E001D4DAC /* SceneDelegate.swift */,
				557BE261294BEA2E001D4DAC /* AppDelegate.swift */,
				557BE26C294BEA2F001D4DAC /* LaunchScreen.storyboard */,
			);
			path = AppDelegate;
			sourceTree = "<group>";
		};
		557BE276294BEA8A001D4DAC /* Resource */ = {
			isa = PBXGroup;
			children = (
				557BE26A294BEA2F001D4DAC /* Assets.xcassets */,
			);
			path = Resource;
			sourceTree = "<group>";
		};
		557BE277294BEB0D001D4DAC /* Application */ = {
			isa = PBXGroup;
			children = (
				5549D772295136C0000AEB19 /* ArrayModelWithTableView */,
				557BE27C294BEC4F001D4DAC /* MainMenu */,
			);
			path = Application;
			sourceTree = "<group>";
		};
		557BE278294BEB1F001D4DAC /* Helper */ = {
			isa = PBXGroup;
			children = (
			);
			path = Helper;
			sourceTree = "<group>";
		};
		557BE279294BEB76001D4DAC /* Model */ = {
			isa = PBXGroup;
			children = (
				557BE27D294BF5BD001D4DAC /* MainMenuModel.swift */,
			);
			path = Model;
			sourceTree = "<group>";
		};
		557BE27A294BEC2B001D4DAC /* ViewModel */ = {
			isa = PBXGroup;
			children = (
				55002D0E294FDE2100C690C2 /* MainMenViewModel.swift */,
			);
			path = ViewModel;
			sourceTree = "<group>";
		};
		557BE27B294BEC35001D4DAC /* View */ = {
			isa = PBXGroup;
			children = (
				55002D10294FECEB00C690C2 /* MenuCell */,
				557BE265294BEA2E001D4DAC /* MainMenuViewController.swift */,
				557BE267294BEA2E001D4DAC /* MainMenuSB.storyboard */,
			);
			path = View;
			sourceTree = "<group>";
		};
		557BE27C294BEC4F001D4DAC /* MainMenu */ = {
			isa = PBXGroup;
			children = (
				557BE27B294BEC35001D4DAC /* View */,
				557BE27A294BEC2B001D4DAC /* ViewModel */,
				557BE279294BEB76001D4DAC /* Model */,
			);
			path = MainMenu;
			sourceTree = "<group>";
		};
/* End PBXGroup section */

/* Begin PBXNativeTarget section */
		557BE25D294BEA2E001D4DAC /* TableView_1 */ = {
			isa = PBXNativeTarget;
			buildConfigurationList = 557BE272294BEA2F001D4DAC /* Build configuration list for PBXNativeTarget "TableView_1" */;
			buildPhases = (
				557BE25A294BEA2E001D4DAC /* Sources */,
				557BE25B294BEA2E001D4DAC /* Frameworks */,
				557BE25C294BEA2E001D4DAC /* Resources */,
			);
			buildRules = (
			);
			dependencies = (
			);
			name = TableView_1;
			productName = TableView_1;
			productReference = 557BE25E294BEA2E001D4DAC /* TableView_1.app */;
			productType = "com.apple.product-type.application";
		};
/* End PBXNativeTarget section */

/* Begin PBXProject section */
		557BE256294BEA2E001D4DAC /* Project object */ = {
			isa = PBXProject;
			attributes = {
				BuildIndependentTargetsInParallel = 1;
				LastSwiftUpdateCheck = 1410;
				LastUpgradeCheck = 1410;
				TargetAttributes = {
					557BE25D294BEA2E001D4DAC = {
						CreatedOnToolsVersion = 14.1;
					};
				};
			};
			buildConfigurationList = 557BE259294BEA2E001D4DAC /* Build configuration list for PBXProject "TableView_1" */;
			compatibilityVersion = "Xcode 14.0";
			developmentRegion = en;
			hasScannedForEncodings = 0;
			knownRegions = (
				en,
				Base,
			);
			mainGroup = 557BE255294BEA2E001D4DAC;
			productRefGroup = 557BE25F294BEA2E001D4DAC /* Products */;
			projectDirPath = "";
			projectRoot = "";
			targets = (
				557BE25D294BEA2E001D4DAC /* TableView_1 */,
			);
		};
/* End PBXProject section */

/* Begin PBXResourcesBuildPhase section */
		557BE25C294BEA2E001D4DAC /* Resources */ = {
			isa = PBXResourcesBuildPhase;
			buildActionMask = 2147483647;
			files = (
				557BE26E294BEA2F001D4DAC /* LaunchScreen.storyboard in Resources */,
				557BE26B294BEA2F001D4DAC /* Assets.xcassets in Resources */,
				557BE281294BFC85001D4DAC /* README.md in Resources */,
				557BE269294BEA2E001D4DAC /* MainMenuSB.storyboard in Resources */,
				5549D77E29513F63000AEB19 /* ContactSB.storyboard in Resources */,
			);
			runOnlyForDeploymentPostprocessing = 0;
		};
/* End PBXResourcesBuildPhase section */

/* Begin PBXSourcesBuildPhase section */
		557BE25A294BEA2E001D4DAC /* Sources */ = {
			isa = PBXSourcesBuildPhase;
			buildActionMask = 2147483647;
			files = (
				55002D0F294FDE2100C690C2 /* MainMenViewModel.swift in Sources */,
				5549D77C29513C86000AEB19 /* ContactViewModel.swift in Sources */,
				557BE266294BEA2E001D4DAC /* MainMenuViewController.swift in Sources */,
				55002D12294FED1900C690C2 /* MenuTableViewCell.swift in Sources */,
				557BE27E294BF5BD001D4DAC /* MainMenuModel.swift in Sources */,
				5549D78029513F88000AEB19 /* ContactViewController.swift in Sources */,
				5549D77A29513BE8000AEB19 /* ContactModel.swift in Sources */,
				557BE262294BEA2E001D4DAC /* AppDelegate.swift in Sources */,
				557BE264294BEA2E001D4DAC /* SceneDelegate.swift in Sources */,
			);
			runOnlyForDeploymentPostprocessing = 0;
		};
/* End PBXSourcesBuildPhase section */

/* Begin PBXVariantGroup section */
		557BE267294BEA2E001D4DAC /* MainMenuSB.storyboard */ = {
			isa = PBXVariantGroup;
			children = (
				557BE268294BEA2E001D4DAC /* Base */,
			);
			name = MainMenuSB.storyboard;
			sourceTree = "<group>";
		};
		557BE26C294BEA2F001D4DAC /* LaunchScreen.storyboard */ = {
			isa = PBXVariantGroup;
			children = (
				557BE26D294BEA2F001D4DAC /* Base */,
			);
			name = LaunchScreen.storyboard;
			sourceTree = "<group>";
		};
/* End PBXVariantGroup section */

/* Begin XCBuildConfiguration section */
		557BE270294BEA2F001D4DAC /* Debug */ = {
			isa = XCBuildConfiguration;
			buildSettings = {
				ALWAYS_SEARCH_USER_PATHS = NO;
				CLANG_ANALYZER_NONNULL = YES;
				CLANG_ANALYZER_NUMBER_OBJECT_CONVERSION = YES_AGGRESSIVE;
				CLANG_CXX_LANGUAGE_STANDARD = "gnu++20";
				CLANG_ENABLE_MODULES = YES;
				CLANG_ENABLE_OBJC_ARC = YES;
				CLANG_ENABLE_OBJC_WEAK = YES;
				CLANG_WARN_BLOCK_CAPTURE_AUTORELEASING = YES;
				CLANG_WARN_BOOL_CONVERSION = YES;
				CLANG_WARN_COMMA = YES;
				CLANG_WARN_CONSTANT_CONVERSION = YES;
				CLANG_WARN_DEPRECATED_OBJC_IMPLEMENTATIONS = YES;
				CLANG_WARN_DIRECT_OBJC_ISA_USAGE = YES_ERROR;
				CLANG_WARN_DOCUMENTATION_COMMENTS = YES;
				CLANG_WARN_EMPTY_BODY = YES;
				CLANG_WARN_ENUM_CONVERSION = YES;
				CLANG_WARN_INFINITE_RECURSION = YES;
				CLANG_WARN_INT_CONVERSION = YES;
				CLANG_WARN_NON_LITERAL_NULL_CONVERSION = YES;
				CLANG_WARN_OBJC_IMPLICIT_RETAIN_SELF = YES;
				CLANG_WARN_OBJC_LITERAL_CONVERSION = YES;
				CLANG_WARN_OBJC_ROOT_CLASS = YES_ERROR;
				CLANG_WARN_QUOTED_INCLUDE_IN_FRAMEWORK_HEADER = YES;
				CLANG_WARN_RANGE_LOOP_ANALYSIS = YES;
				CLANG_WARN_STRICT_PROTOTYPES = YES;
				CLANG_WARN_SUSPICIOUS_MOVE = YES;
				CLANG_WARN_UNGUARDED_AVAILABILITY = YES_AGGRESSIVE;
				CLANG_WARN_UNREACHABLE_CODE = YES;
				CLANG_WARN__DUPLICATE_METHOD_MATCH = YES;
				COPY_PHASE_STRIP = NO;
				DEBUG_INFORMATION_FORMAT = dwarf;
				ENABLE_STRICT_OBJC_MSGSEND = YES;
				ENABLE_TESTABILITY = YES;
				GCC_C_LANGUAGE_STANDARD = gnu11;
				GCC_DYNAMIC_NO_PIC = NO;
				GCC_NO_COMMON_BLOCKS = YES;
				GCC_OPTIMIZATION_LEVEL = 0;
				GCC_PREPROCESSOR_DEFINITIONS = (
					"DEBUG=1",
					"$(inherited)",
				);
				GCC_WARN_64_TO_32_BIT_CONVERSION = YES;
				GCC_WARN_ABOUT_RETURN_TYPE = YES_ERROR;
				GCC_WARN_UNDECLARED_SELECTOR = YES;
				GCC_WARN_UNINITIALIZED_AUTOS = YES_AGGRESSIVE;
				GCC_WARN_UNUSED_FUNCTION = YES;
				GCC_WARN_UNUSED_VARIABLE = YES;
				IPHONEOS_DEPLOYMENT_TARGET = 16.1;
				MTL_ENABLE_DEBUG_INFO = INCLUDE_SOURCE;
				MTL_FAST_MATH = YES;
				ONLY_ACTIVE_ARCH = YES;
				SDKROOT = iphoneos;
				SWIFT_ACTIVE_COMPILATION_CONDITIONS = DEBUG;
				SWIFT_OPTIMIZATION_LEVEL = "-Onone";
			};
			name = Debug;
		};
		557BE271294BEA2F001D4DAC /* Release */ = {
			isa = XCBuildConfiguration;
			buildSettings = {
				ALWAYS_SEARCH_USER_PATHS = NO;
				CLANG_ANALYZER_NONNULL = YES;
				CLANG_ANALYZER_NUMBER_OBJECT_CONVERSION = YES_AGGRESSIVE;
				CLANG_CXX_LANGUAGE_STANDARD = "gnu++20";
				CLANG_ENABLE_MODULES = YES;
				CLANG_ENABLE_OBJC_ARC = YES;
				CLANG_ENABLE_OBJC_WEAK = YES;
				CLANG_WARN_BLOCK_CAPTURE_AUTORELEASING = YES;
				CLANG_WARN_BOOL_CONVERSION = YES;
				CLANG_WARN_COMMA = YES;
				CLANG_WARN_CONSTANT_CONVERSION = YES;
				CLANG_WARN_DEPRECATED_OBJC_IMPLEMENTATIONS = YES;
				CLANG_WARN_DIRECT_OBJC_ISA_USAGE = YES_ERROR;
				CLANG_WARN_DOCUMENTATION_COMMENTS = YES;
				CLANG_WARN_EMPTY_BODY = YES;
				CLANG_WARN_ENUM_CONVERSION = YES;
				CLANG_WARN_INFINITE_RECURSION = YES;
				CLANG_WARN_INT_CONVERSION = YES;
				CLANG_WARN_NON_LITERAL_NULL_CONVERSION = YES;
				CLANG_WARN_OBJC_IMPLICIT_RETAIN_SELF = YES;
				CLANG_WARN_OBJC_LITERAL_CONVERSION = YES;
				CLANG_WARN_OBJC_ROOT_CLASS = YES_ERROR;
				CLANG_WARN_QUOTED_INCLUDE_IN_FRAMEWORK_HEADER = YES;
				CLANG_WARN_RANGE_LOOP_ANALYSIS = YES;
				CLANG_WARN_STRICT_PROTOTYPES = YES;
				CLANG_WARN_SUSPICIOUS_MOVE = YES;
				CLANG_WARN_UNGUARDED_AVAILABILITY = YES_AGGRESSIVE;
				CLANG_WARN_UNREACHABLE_CODE = YES;
				CLANG_WARN__DUPLICATE_METHOD_MATCH = YES;
				COPY_PHASE_STRIP = NO;
				DEBUG_INFORMATION_FORMAT = "dwarf-with-dsym";
				ENABLE_NS_ASSERTIONS = NO;
				ENABLE_STRICT_OBJC_MSGSEND = YES;
				GCC_C_LANGUAGE_STANDARD = gnu11;
				GCC_NO_COMMON_BLOCKS = YES;
				GCC_WARN_64_TO_32_BIT_CONVERSION = YES;
				GCC_WARN_ABOUT_RETURN_TYPE = YES_ERROR;
				GCC_WARN_UNDECLARED_SELECTOR = YES;
				GCC_WARN_UNINITIALIZED_AUTOS = YES_AGGRESSIVE;
				GCC_WARN_UNUSED_FUNCTION = YES;
				GCC_WARN_UNUSED_VARIABLE = YES;
				IPHONEOS_DEPLOYMENT_TARGET = 16.1;
				MTL_ENABLE_DEBUG_INFO = NO;
				MTL_FAST_MATH = YES;
				SDKROOT = iphoneos;
				SWIFT_COMPILATION_MODE = wholemodule;
				SWIFT_OPTIMIZATION_LEVEL = "-O";
				VALIDATE_PRODUCT = YES;
			};
			name = Release;
		};
		557BE273294BEA2F001D4DAC /* Debug */ = {
			isa = XCBuildConfiguration;
			buildSettings = {
				ASSETCATALOG_COMPILER_APPICON_NAME = AppIcon;
				ASSETCATALOG_COMPILER_GLOBAL_ACCENT_COLOR_NAME = AccentColor;
				CODE_SIGN_STYLE = Automatic;
				CURRENT_PROJECT_VERSION = 1;
				DEVELOPMENT_TEAM = 62EMNW6G6D;
				GENERATE_INFOPLIST_FILE = YES;
				INFOPLIST_FILE = TableView_1/Info.plist;
				INFOPLIST_KEY_UIApplicationSupportsIndirectInputEvents = YES;
				INFOPLIST_KEY_UILaunchStoryboardName = "";
				INFOPLIST_KEY_UIMainStoryboardFile = MainMenuSB;
				INFOPLIST_KEY_UISupportedInterfaceOrientations_iPad = "UIInterfaceOrientationPortrait UIInterfaceOrientationPortraitUpsideDown UIInterfaceOrientationLandscapeLeft UIInterfaceOrientationLandscapeRight";
				INFOPLIST_KEY_UISupportedInterfaceOrientations_iPhone = "UIInterfaceOrientationPortrait UIInterfaceOrientationLandscapeLeft UIInterfaceOrientationLandscapeRight";
				LD_RUNPATH_SEARCH_PATHS = (
					"$(inherited)",
					"@executable_path/Frameworks",
				);
				MARKETING_VERSION = 1.0;
				PRODUCT_BUNDLE_IDENTIFIER = "co.kr.kosignbook.TableView-1";
				PRODUCT_NAME = "$(TARGET_NAME)";
				SWIFT_EMIT_LOC_STRINGS = YES;
				SWIFT_VERSION = 5.0;
				TARGETED_DEVICE_FAMILY = "1,2";
			};
			name = Debug;
		};
		557BE274294BEA2F001D4DAC /* Release */ = {
			isa = XCBuildConfiguration;
			buildSettings = {
				ASSETCATALOG_COMPILER_APPICON_NAME = AppIcon;
				ASSETCATALOG_COMPILER_GLOBAL_ACCENT_COLOR_NAME = AccentColor;
				CODE_SIGN_STYLE = Automatic;
				CURRENT_PROJECT_VERSION = 1;
				DEVELOPMENT_TEAM = 62EMNW6G6D;
				GENERATE_INFOPLIST_FILE = YES;
				INFOPLIST_FILE = TableView_1/Info.plist;
				INFOPLIST_KEY_UIApplicationSupportsIndirectInputEvents = YES;
				INFOPLIST_KEY_UILaunchStoryboardName = "";
				INFOPLIST_KEY_UIMainStoryboardFile = MainMenuSB;
				INFOPLIST_KEY_UISupportedInterfaceOrientations_iPad = "UIInterfaceOrientationPortrait UIInterfaceOrientationPortraitUpsideDown UIInterfaceOrientationLandscapeLeft UIInterfaceOrientationLandscapeRight";
				INFOPLIST_KEY_UISupportedInterfaceOrientations_iPhone = "UIInterfaceOrientationPortrait UIInterfaceOrientationLandscapeLeft UIInterfaceOrientationLandscapeRight";
				LD_RUNPATH_SEARCH_PATHS = (
					"$(inherited)",
					"@executable_path/Frameworks",
				);
				MARKETING_VERSION = 1.0;
				PRODUCT_BUNDLE_IDENTIFIER = "co.kr.kosignbook.TableView-1";
				PRODUCT_NAME = "$(TARGET_NAME)";
				SWIFT_EMIT_LOC_STRINGS = YES;
				SWIFT_VERSION = 5.0;
				TARGETED_DEVICE_FAMILY = "1,2";
			};
			name = Release;
		};
/* End XCBuildConfiguration section */

/* Begin XCConfigurationList section */
		557BE259294BEA2E001D4DAC /* Build configuration list for PBXProject "TableView_1" */ = {
			isa = XCConfigurationList;
			buildConfigurations = (
				557BE270294BEA2F001D4DAC /* Debug */,
				557BE271294BEA2F001D4DAC /* Release */,
			);
			defaultConfigurationIsVisible = 0;
			defaultConfigurationName = Release;
		};
		557BE272294BEA2F001D4DAC /* Build configuration list for PBXNativeTarget "TableView_1" */ = {
			isa = XCConfigurationList;
			buildConfigurations = (
				557BE273294BEA2F001D4DAC /* Debug */,
				557BE274294BEA2F001D4DAC /* Release */,
			);
			defaultConfigurationIsVisible = 0;
			defaultConfigurationName = Release;
		};
/* End XCConfigurationList section */
	};
	rootObject = 557BE256294BEA2E001D4DAC /* Project object */;
}
