// !$*UTF8*$!
{
	archiveVersion = 1;
	classes = {
	};
	objectVersion = 56;
	objects = {

/* Begin PBXBuildFile section */
		5594A9AF292CC392003A776E /* AppDelegate.swift in Sources */ = {isa = PBXBuildFile; fileRef = 5594A9AE292CC392003A776E /* AppDelegate.swift */; };
		5594A9B1292CC392003A776E /* SceneDelegate.swift in Sources */ = {isa = PBXBuildFile; fileRef = 5594A9B0292CC392003A776E /* SceneDelegate.swift */; };
		5594A9B3292CC392003A776E /* ViewController.swift in Sources */ = {isa = PBXBuildFile; fileRef = 5594A9B2292CC392003A776E /* ViewController.swift */; };
		5594A9B6292CC392003A776E /* Main.storyboard in Resources */ = {isa = PBXBuildFile; fileRef = 5594A9B4292CC392003A776E /* Main.storyboard */; };
		5594A9B8292CC394003A776E /* Assets.xcassets in Resources */ = {isa = PBXBuildFile; fileRef = 5594A9B7292CC394003A776E /* Assets.xcassets */; };
		5594A9BB292CC394003A776E /* LaunchScreen.storyboard in Resources */ = {isa = PBXBuildFile; fileRef = 5594A9B9292CC394003A776E /* LaunchScreen.storyboard */; };
		5594A9C4292D9897003A776E /* README.md in Resources */ = {isa = PBXBuildFile; fileRef = 5594A9C3292D9897003A776E /* README.md */; };
		5594A9C6292D9F96003A776E /* CONTENT.swift in Sources */ = {isa = PBXBuildFile; fileRef = 5594A9C5292D9F96003A776E /* CONTENT.swift */; };
		5594A9D2292DB288003A776E /* MainViewController.swift in Sources */ = {isa = PBXBuildFile; fileRef = 5594A9D1292DB288003A776E /* MainViewController.swift */; };
		5594A9D4292DB32E003A776E /* TableViewCell.swift in Sources */ = {isa = PBXBuildFile; fileRef = 5594A9D3292DB32E003A776E /* TableViewCell.swift */; };
		5594A9D6292DB4AC003A776E /* ContentVM.swift in Sources */ = {isa = PBXBuildFile; fileRef = 5594A9D5292DB4AC003A776E /* ContentVM.swift */; };
/* End PBXBuildFile section */

/* Begin PBXFileReference section */
		5594A9AB292CC392003A776E /* Constraints-Webview_1.app */ = {isa = PBXFileReference; explicitFileType = wrapper.application; includeInIndex = 0; path = "Constraints-Webview_1.app"; sourceTree = BUILT_PRODUCTS_DIR; };
		5594A9AE292CC392003A776E /* AppDelegate.swift */ = {isa = PBXFileReference; lastKnownFileType = sourcecode.swift; path = AppDelegate.swift; sourceTree = "<group>"; };
		5594A9B0292CC392003A776E /* SceneDelegate.swift */ = {isa = PBXFileReference; lastKnownFileType = sourcecode.swift; path = SceneDelegate.swift; sourceTree = "<group>"; };
		5594A9B2292CC392003A776E /* ViewController.swift */ = {isa = PBXFileReference; lastKnownFileType = sourcecode.swift; path = ViewController.swift; sourceTree = "<group>"; };
		5594A9B5292CC392003A776E /* Base */ = {isa = PBXFileReference; lastKnownFileType = file.storyboard; name = Base; path = Base.lproj/Main.storyboard; sourceTree = "<group>"; };
		5594A9B7292CC394003A776E /* Assets.xcassets */ = {isa = PBXFileReference; lastKnownFileType = folder.assetcatalog; path = Assets.xcassets; sourceTree = "<group>"; };
		5594A9BA292CC394003A776E /* Base */ = {isa = PBXFileReference; lastKnownFileType = file.storyboard; name = Base; path = Base.lproj/LaunchScreen.storyboard; sourceTree = "<group>"; };
		5594A9BC292CC394003A776E /* Info.plist */ = {isa = PBXFileReference; lastKnownFileType = text.plist.xml; path = Info.plist; sourceTree = "<group>"; };
		5594A9C3292D9897003A776E /* README.md */ = {isa = PBXFileReference; fileEncoding = 4; lastKnownFileType = net.daringfireball.markdown; path = README.md; sourceTree = "<group>"; };
		5594A9C5292D9F96003A776E /* CONTENT.swift */ = {isa = PBXFileReference; lastKnownFileType = sourcecode.swift; path = CONTENT.swift; sourceTree = "<group>"; };
		5594A9D1292DB288003A776E /* MainViewController.swift */ = {isa = PBXFileReference; lastKnownFileType = sourcecode.swift; path = MainViewController.swift; sourceTree = "<group>"; };
		5594A9D3292DB32E003A776E /* TableViewCell.swift */ = {isa = PBXFileReference; lastKnownFileType = sourcecode.swift; path = TableViewCell.swift; sourceTree = "<group>"; };
		5594A9D5292DB4AC003A776E /* ContentVM.swift */ = {isa = PBXFileReference; lastKnownFileType = sourcecode.swift; path = ContentVM.swift; sourceTree = "<group>"; };
/* End PBXFileReference section */

/* Begin PBXFrameworksBuildPhase section */
		5594A9A8292CC392003A776E /* Frameworks */ = {
			isa = PBXFrameworksBuildPhase;
			buildActionMask = 2147483647;
			files = (
			);
			runOnlyForDeploymentPostprocessing = 0;
		};
/* End PBXFrameworksBuildPhase section */

/* Begin PBXGroup section */
		5594A9A2292CC392003A776E = {
			isa = PBXGroup;
			children = (
				5594A9C3292D9897003A776E /* README.md */,
				5594A9AD292CC392003A776E /* Constraints-Webview_1 */,
				5594A9AC292CC392003A776E /* Products */,
			);
			sourceTree = "<group>";
		};
		5594A9AC292CC392003A776E /* Products */ = {
			isa = PBXGroup;
			children = (
				5594A9AB292CC392003A776E /* Constraints-Webview_1.app */,
			);
			name = Products;
			sourceTree = "<group>";
		};
		5594A9AD292CC392003A776E /* Constraints-Webview_1 */ = {
			isa = PBXGroup;
			children = (
				5594A9D0292DA865003A776E /* Resource */,
				5594A9CA292DA703003A776E /* AppDelegate */,
				5594A9C9292DA6E0003A776E /* Helper */,
				5594A9CC292DA791003A776E /* Application */,
				5594A9BC292CC394003A776E /* Info.plist */,
			);
			path = "Constraints-Webview_1";
			sourceTree = "<group>";
		};
		5594A9C2292D95F4003A776E /* Model */ = {
			isa = PBXGroup;
			children = (
				5594A9C5292D9F96003A776E /* CONTENT.swift */,
			);
			path = Model;
			sourceTree = "<group>";
		};
		5594A9C7292DA626003A776E /* ViewModel */ = {
			isa = PBXGroup;
			children = (
				5594A9D5292DB4AC003A776E /* ContentVM.swift */,
			);
			path = ViewModel;
			sourceTree = "<group>";
		};
		5594A9C8292DA63F003A776E /* View */ = {
			isa = PBXGroup;
			children = (
				5594A9B4292CC392003A776E /* Main.storyboard */,
				5594A9B2292CC392003A776E /* ViewController.swift */,
				5594A9CF292DA846003A776E /* TableViewCell */,
				5594A9D1292DB288003A776E /* MainViewController.swift */,
			);
			path = View;
			sourceTree = "<group>";
		};
		5594A9C9292DA6E0003A776E /* Helper */ = {
			isa = PBXGroup;
			children = (
			);
			path = Helper;
			sourceTree = "<group>";
		};
		5594A9CA292DA703003A776E /* AppDelegate */ = {
			isa = PBXGroup;
			children = (
				5594A9B0292CC392003A776E /* SceneDelegate.swift */,
				5594A9AE292CC392003A776E /* AppDelegate.swift */,
			);
			path = AppDelegate;
			sourceTree = "<group>";
		};
		5594A9CB292DA755003A776E /* 1.InitWebView */ = {
			isa = PBXGroup;
			children = (
				5594A9C2292D95F4003A776E /* Model */,
				5594A9C7292DA626003A776E /* ViewModel */,
				5594A9C8292DA63F003A776E /* View */,
			);
			path = 1.InitWebView;
			sourceTree = "<group>";
		};
		5594A9CC292DA791003A776E /* Application */ = {
			isa = PBXGroup;
			children = (
				5594A9CB292DA755003A776E /* 1.InitWebView */,
				5594A9B9292CC394003A776E /* LaunchScreen.storyboard */,
			);
			path = Application;
			sourceTree = "<group>";
		};
		5594A9CF292DA846003A776E /* TableViewCell */ = {
			isa = PBXGroup;
			children = (
				5594A9D3292DB32E003A776E /* TableViewCell.swift */,
			);
			path = TableViewCell;
			sourceTree = "<group>";
		};
		5594A9D0292DA865003A776E /* Resource */ = {
			isa = PBXGroup;
			children = (
				5594A9B7292CC394003A776E /* Assets.xcassets */,
			);
			path = Resource;
			sourceTree = "<group>";
		};
/* End PBXGroup section */

/* Begin PBXNativeTarget section */
		5594A9AA292CC392003A776E /* Constraints-Webview_1 */ = {
			isa = PBXNativeTarget;
			buildConfigurationList = 5594A9BF292CC394003A776E /* Build configuration list for PBXNativeTarget "Constraints-Webview_1" */;
			buildPhases = (
				5594A9A7292CC392003A776E /* Sources */,
				5594A9A8292CC392003A776E /* Frameworks */,
				5594A9A9292CC392003A776E /* Resources */,
			);
			buildRules = (
			);
			dependencies = (
			);
			name = "Constraints-Webview_1";
			productName = "Constraints-Webview_1";
			productReference = 5594A9AB292CC392003A776E /* Constraints-Webview_1.app */;
			productType = "com.apple.product-type.application";
		};
/* End PBXNativeTarget section */

/* Begin PBXProject section */
		5594A9A3292CC392003A776E /* Project object */ = {
			isa = PBXProject;
			attributes = {
				BuildIndependentTargetsInParallel = 1;
				LastSwiftUpdateCheck = 1400;
				LastUpgradeCheck = 1400;
				TargetAttributes = {
					5594A9AA292CC392003A776E = {
						CreatedOnToolsVersion = 14.0;
					};
				};
			};
			buildConfigurationList = 5594A9A6292CC392003A776E /* Build configuration list for PBXProject "Constraints-Webview_1" */;
			compatibilityVersion = "Xcode 14.0";
			developmentRegion = en;
			hasScannedForEncodings = 0;
			knownRegions = (
				en,
				Base,
			);
			mainGroup = 5594A9A2292CC392003A776E;
			productRefGroup = 5594A9AC292CC392003A776E /* Products */;
			projectDirPath = "";
			projectRoot = "";
			targets = (
				5594A9AA292CC392003A776E /* Constraints-Webview_1 */,
			);
		};
/* End PBXProject section */

/* Begin PBXResourcesBuildPhase section */
		5594A9A9292CC392003A776E /* Resources */ = {
			isa = PBXResourcesBuildPhase;
			buildActionMask = 2147483647;
			files = (
				5594A9BB292CC394003A776E /* LaunchScreen.storyboard in Resources */,
				5594A9B8292CC394003A776E /* Assets.xcassets in Resources */,
				5594A9C4292D9897003A776E /* README.md in Resources */,
				5594A9B6292CC392003A776E /* Main.storyboard in Resources */,
			);
			runOnlyForDeploymentPostprocessing = 0;
		};
/* End PBXResourcesBuildPhase section */

/* Begin PBXSourcesBuildPhase section */
		5594A9A7292CC392003A776E /* Sources */ = {
			isa = PBXSourcesBuildPhase;
			buildActionMask = 2147483647;
			files = (
				5594A9B3292CC392003A776E /* ViewController.swift in Sources */,
				5594A9AF292CC392003A776E /* AppDelegate.swift in Sources */,
				5594A9B1292CC392003A776E /* SceneDelegate.swift in Sources */,
				5594A9D4292DB32E003A776E /* TableViewCell.swift in Sources */,
				5594A9D6292DB4AC003A776E /* ContentVM.swift in Sources */,
				5594A9C6292D9F96003A776E /* CONTENT.swift in Sources */,
				5594A9D2292DB288003A776E /* MainViewController.swift in Sources */,
			);
			runOnlyForDeploymentPostprocessing = 0;
		};
/* End PBXSourcesBuildPhase section */

/* Begin PBXVariantGroup section */
		5594A9B4292CC392003A776E /* Main.storyboard */ = {
			isa = PBXVariantGroup;
			children = (
				5594A9B5292CC392003A776E /* Base */,
			);
			name = Main.storyboard;
			sourceTree = "<group>";
		};
		5594A9B9292CC394003A776E /* LaunchScreen.storyboard */ = {
			isa = PBXVariantGroup;
			children = (
				5594A9BA292CC394003A776E /* Base */,
			);
			name = LaunchScreen.storyboard;
			sourceTree = "<group>";
		};
/* End PBXVariantGroup section */

/* Begin XCBuildConfiguration section */
		5594A9BD292CC394003A776E /* Debug */ = {
			isa = XCBuildConfiguration;
			buildSettings = {
				ALWAYS_SEARCH_USER_PATHS = NO;
				CLANG_ANALYZER_NONNULL = YES;
				CLANG_ANALYZER_NUMBER_OBJECT_CONVERSION = YES_AGGRESSIVE;
				CLANG_CXX_LANGUAGE_STANDARD = "gnu++20";
				CLANG_ENABLE_MODULES = YES;
				CLANG_ENABLE_OBJC_ARC = YES;
				CLANG_ENABLE_OBJC_WEAK = YES;
				CLANG_WARN_BLOCK_CAPTURE_AUTORELEASING = YES;
				CLANG_WARN_BOOL_CONVERSION = YES;
				CLANG_WARN_COMMA = YES;
				CLANG_WARN_CONSTANT_CONVERSION = YES;
				CLANG_WARN_DEPRECATED_OBJC_IMPLEMENTATIONS = YES;
				CLANG_WARN_DIRECT_OBJC_ISA_USAGE = YES_ERROR;
				CLANG_WARN_DOCUMENTATION_COMMENTS = YES;
				CLANG_WARN_EMPTY_BODY = YES;
				CLANG_WARN_ENUM_CONVERSION = YES;
				CLANG_WARN_INFINITE_RECURSION = YES;
				CLANG_WARN_INT_CONVERSION = YES;
				CLANG_WARN_NON_LITERAL_NULL_CONVERSION = YES;
				CLANG_WARN_OBJC_IMPLICIT_RETAIN_SELF = YES;
				CLANG_WARN_OBJC_LITERAL_CONVERSION = YES;
				CLANG_WARN_OBJC_ROOT_CLASS = YES_ERROR;
				CLANG_WARN_QUOTED_INCLUDE_IN_FRAMEWORK_HEADER = YES;
				CLANG_WARN_RANGE_LOOP_ANALYSIS = YES;
				CLANG_WARN_STRICT_PROTOTYPES = YES;
				CLANG_WARN_SUSPICIOUS_MOVE = YES;
				CLANG_WARN_UNGUARDED_AVAILABILITY = YES_AGGRESSIVE;
				CLANG_WARN_UNREACHABLE_CODE = YES;
				CLANG_WARN__DUPLICATE_METHOD_MATCH = YES;
				COPY_PHASE_STRIP = NO;
				DEBUG_INFORMATION_FORMAT = dwarf;
				ENABLE_STRICT_OBJC_MSGSEND = YES;
				ENABLE_TESTABILITY = YES;
				GCC_C_LANGUAGE_STANDARD = gnu11;
				GCC_DYNAMIC_NO_PIC = NO;
				GCC_NO_COMMON_BLOCKS = YES;
				GCC_OPTIMIZATION_LEVEL = 0;
				GCC_PREPROCESSOR_DEFINITIONS = (
					"DEBUG=1",
					"$(inherited)",
				);
				GCC_WARN_64_TO_32_BIT_CONVERSION = YES;
				GCC_WARN_ABOUT_RETURN_TYPE = YES_ERROR;
				GCC_WARN_UNDECLARED_SELECTOR = YES;
				GCC_WARN_UNINITIALIZED_AUTOS = YES_AGGRESSIVE;
				GCC_WARN_UNUSED_FUNCTION = YES;
				GCC_WARN_UNUSED_VARIABLE = YES;
				IPHONEOS_DEPLOYMENT_TARGET = 16.0;
				MTL_ENABLE_DEBUG_INFO = INCLUDE_SOURCE;
				MTL_FAST_MATH = YES;
				ONLY_ACTIVE_ARCH = YES;
				SDKROOT = iphoneos;
				SWIFT_ACTIVE_COMPILATION_CONDITIONS = DEBUG;
				SWIFT_OPTIMIZATION_LEVEL = "-Onone";
			};
			name = Debug;
		};
		5594A9BE292CC394003A776E /* Release */ = {
			isa = XCBuildConfiguration;
			buildSettings = {
				ALWAYS_SEARCH_USER_PATHS = NO;
				CLANG_ANALYZER_NONNULL = YES;
				CLANG_ANALYZER_NUMBER_OBJECT_CONVERSION = YES_AGGRESSIVE;
				CLANG_CXX_LANGUAGE_STANDARD = "gnu++20";
				CLANG_ENABLE_MODULES = YES;
				CLANG_ENABLE_OBJC_ARC = YES;
				CLANG_ENABLE_OBJC_WEAK = YES;
				CLANG_WARN_BLOCK_CAPTURE_AUTORELEASING = YES;
				CLANG_WARN_BOOL_CONVERSION = YES;
				CLANG_WARN_COMMA = YES;
				CLANG_WARN_CONSTANT_CONVERSION = YES;
				CLANG_WARN_DEPRECATED_OBJC_IMPLEMENTATIONS = YES;
				CLANG_WARN_DIRECT_OBJC_ISA_USAGE = YES_ERROR;
				CLANG_WARN_DOCUMENTATION_COMMENTS = YES;
				CLANG_WARN_EMPTY_BODY = YES;
				CLANG_WARN_ENUM_CONVERSION = YES;
				CLANG_WARN_INFINITE_RECURSION = YES;
				CLANG_WARN_INT_CONVERSION = YES;
				CLANG_WARN_NON_LITERAL_NULL_CONVERSION = YES;
				CLANG_WARN_OBJC_IMPLICIT_RETAIN_SELF = YES;
				CLANG_WARN_OBJC_LITERAL_CONVERSION = YES;
				CLANG_WARN_OBJC_ROOT_CLASS = YES_ERROR;
				CLANG_WARN_QUOTED_INCLUDE_IN_FRAMEWORK_HEADER = YES;
				CLANG_WARN_RANGE_LOOP_ANALYSIS = YES;
				CLANG_WARN_STRICT_PROTOTYPES = YES;
				CLANG_WARN_SUSPICIOUS_MOVE = YES;
				CLANG_WARN_UNGUARDED_AVAILABILITY = YES_AGGRESSIVE;
				CLANG_WARN_UNREACHABLE_CODE = YES;
				CLANG_WARN__DUPLICATE_METHOD_MATCH = YES;
				COPY_PHASE_STRIP = NO;
				DEBUG_INFORMATION_FORMAT = "dwarf-with-dsym";
				ENABLE_NS_ASSERTIONS = NO;
				ENABLE_STRICT_OBJC_MSGSEND = YES;
				GCC_C_LANGUAGE_STANDARD = gnu11;
				GCC_NO_COMMON_BLOCKS = YES;
				GCC_WARN_64_TO_32_BIT_CONVERSION = YES;
				GCC_WARN_ABOUT_RETURN_TYPE = YES_ERROR;
				GCC_WARN_UNDECLARED_SELECTOR = YES;
				GCC_WARN_UNINITIALIZED_AUTOS = YES_AGGRESSIVE;
				GCC_WARN_UNUSED_FUNCTION = YES;
				GCC_WARN_UNUSED_VARIABLE = YES;
				IPHONEOS_DEPLOYMENT_TARGET = 16.0;
				MTL_ENABLE_DEBUG_INFO = NO;
				MTL_FAST_MATH = YES;
				SDKROOT = iphoneos;
				SWIFT_COMPILATION_MODE = wholemodule;
				SWIFT_OPTIMIZATION_LEVEL = "-O";
				VALIDATE_PRODUCT = YES;
			};
			name = Release;
		};
		5594A9C0292CC394003A776E /* Debug */ = {
			isa = XCBuildConfiguration;
			buildSettings = {
				ASSETCATALOG_COMPILER_APPICON_NAME = AppIcon;
				ASSETCATALOG_COMPILER_GLOBAL_ACCENT_COLOR_NAME = AccentColor;
				CODE_SIGN_STYLE = Automatic;
				CURRENT_PROJECT_VERSION = 1;
				DEVELOPMENT_TEAM = 62EMNW6G6D;
				GENERATE_INFOPLIST_FILE = YES;
				INFOPLIST_FILE = "Constraints-Webview_1/Info.plist";
				INFOPLIST_KEY_UIApplicationSupportsIndirectInputEvents = YES;
				INFOPLIST_KEY_UILaunchStoryboardName = LaunchScreen;
				INFOPLIST_KEY_UIMainStoryboardFile = Main;
				INFOPLIST_KEY_UISupportedInterfaceOrientations_iPad = "UIInterfaceOrientationPortrait UIInterfaceOrientationPortraitUpsideDown UIInterfaceOrientationLandscapeLeft UIInterfaceOrientationLandscapeRight";
				INFOPLIST_KEY_UISupportedInterfaceOrientations_iPhone = "UIInterfaceOrientationPortrait UIInterfaceOrientationLandscapeLeft UIInterfaceOrientationLandscapeRight";
				LD_RUNPATH_SEARCH_PATHS = (
					"$(inherited)",
					"@executable_path/Frameworks",
				);
				MARKETING_VERSION = 1.0;
				PRODUCT_BUNDLE_IDENTIFIER = "co.kr.CoordinatorDemo.Constraints-Webview-1";
				PRODUCT_NAME = "$(TARGET_NAME)";
				SWIFT_EMIT_LOC_STRINGS = YES;
				SWIFT_VERSION = 5.0;
				TARGETED_DEVICE_FAMILY = "1,2";
			};
			name = Debug;
		};
		5594A9C1292CC394003A776E /* Release */ = {
			isa = XCBuildConfiguration;
			buildSettings = {
				ASSETCATALOG_COMPILER_APPICON_NAME = AppIcon;
				ASSETCATALOG_COMPILER_GLOBAL_ACCENT_COLOR_NAME = AccentColor;
				CODE_SIGN_STYLE = Automatic;
				CURRENT_PROJECT_VERSION = 1;
				DEVELOPMENT_TEAM = 62EMNW6G6D;
				GENERATE_INFOPLIST_FILE = YES;
				INFOPLIST_FILE = "Constraints-Webview_1/Info.plist";
				INFOPLIST_KEY_UIApplicationSupportsIndirectInputEvents = YES;
				INFOPLIST_KEY_UILaunchStoryboardName = LaunchScreen;
				INFOPLIST_KEY_UIMainStoryboardFile = Main;
				INFOPLIST_KEY_UISupportedInterfaceOrientations_iPad = "UIInterfaceOrientationPortrait UIInterfaceOrientationPortraitUpsideDown UIInterfaceOrientationLandscapeLeft UIInterfaceOrientationLandscapeRight";
				INFOPLIST_KEY_UISupportedInterfaceOrientations_iPhone = "UIInterfaceOrientationPortrait UIInterfaceOrientationLandscapeLeft UIInterfaceOrientationLandscapeRight";
				LD_RUNPATH_SEARCH_PATHS = (
					"$(inherited)",
					"@executable_path/Frameworks",
				);
				MARKETING_VERSION = 1.0;
				PRODUCT_BUNDLE_IDENTIFIER = "co.kr.CoordinatorDemo.Constraints-Webview-1";
				PRODUCT_NAME = "$(TARGET_NAME)";
				SWIFT_EMIT_LOC_STRINGS = YES;
				SWIFT_VERSION = 5.0;
				TARGETED_DEVICE_FAMILY = "1,2";
			};
			name = Release;
		};
/* End XCBuildConfiguration section */

/* Begin XCConfigurationList section */
		5594A9A6292CC392003A776E /* Build configuration list for PBXProject "Constraints-Webview_1" */ = {
			isa = XCConfigurationList;
			buildConfigurations = (
				5594A9BD292CC394003A776E /* Debug */,
				5594A9BE292CC394003A776E /* Release */,
			);
			defaultConfigurationIsVisible = 0;
			defaultConfigurationName = Release;
		};
		5594A9BF292CC394003A776E /* Build configuration list for PBXNativeTarget "Constraints-Webview_1" */ = {
			isa = XCConfigurationList;
			buildConfigurations = (
				5594A9C0292CC394003A776E /* Debug */,
				5594A9C1292CC394003A776E /* Release */,
			);
			defaultConfigurationIsVisible = 0;
			defaultConfigurationName = Release;
		};
/* End XCConfigurationList section */
	};
	rootObject = 5594A9A3292CC392003A776E /* Project object */;
}
