// !$*UTF8*$!
{
	archiveVersion = 1;
	classes = {
	};
	objectVersion = 56;
	objects = {

/* Begin PBXBuildFile section */
		555754172A6DF3F700D1546F /* TaskBoardViewModel.swift in Sources */ = {isa = PBXBuildFile; fileRef = 555754162A6DF3F700D1546F /* TaskBoardViewModel.swift */; };
		555754192A6DF42500D1546F /* TaskListViewModel.swift in Sources */ = {isa = PBXBuildFile; fileRef = 555754182A6DF42500D1546F /* TaskListViewModel.swift */; };
		55A34DC32A6A109B007ACC4A /* FlowAppApp.swift in Sources */ = {isa = PBXBuildFile; fileRef = 55A34DC22A6A109B007ACC4A /* FlowAppApp.swift */; };
		55A34DC52A6A109B007ACC4A /* ContentView.swift in Sources */ = {isa = PBXBuildFile; fileRef = 55A34DC42A6A109B007ACC4A /* ContentView.swift */; };
		55A34DC72A6A109D007ACC4A /* Assets.xcassets in Resources */ = {isa = PBXBuildFile; fileRef = 55A34DC62A6A109D007ACC4A /* Assets.xcassets */; };
		55A34DCA2A6A109D007ACC4A /* Preview Assets.xcassets in Resources */ = {isa = PBXBuildFile; fileRef = 55A34DC92A6A109D007ACC4A /* Preview Assets.xcassets */; };
		55A34DD12A6A1162007ACC4A /* README.md in Resources */ = {isa = PBXBuildFile; fileRef = 55A34DD02A6A1162007ACC4A /* README.md */; };
		55A34DD42A6A123D007ACC4A /* TaskListView.swift in Sources */ = {isa = PBXBuildFile; fileRef = 55A34DD32A6A123D007ACC4A /* TaskListView.swift */; };
		55A34DD72A6A5D8B007ACC4A /* Algorithms in Frameworks */ = {isa = PBXBuildFile; productRef = 55A34DD62A6A5D8B007ACC4A /* Algorithms */; };
		55A34DDA2A6A79AD007ACC4A /* TaskBoardView.swift in Sources */ = {isa = PBXBuildFile; fileRef = 55A34DD92A6A79AD007ACC4A /* TaskBoardView.swift */; };
		55A34DDC2A6A7A74007ACC4A /* TaskRowView.swift in Sources */ = {isa = PBXBuildFile; fileRef = 55A34DDB2A6A7A74007ACC4A /* TaskRowView.swift */; };
		55A34DDF2A6A7ACE007ACC4A /* TaskListModel.swift in Sources */ = {isa = PBXBuildFile; fileRef = 55A34DDE2A6A7ACE007ACC4A /* TaskListModel.swift */; };
		55A34DE22A6A7B4E007ACC4A /* Helper.swift in Sources */ = {isa = PBXBuildFile; fileRef = 55A34DE12A6A7B4E007ACC4A /* Helper.swift */; };
/* End PBXBuildFile section */

/* Begin PBXFileReference section */
		555754162A6DF3F700D1546F /* TaskBoardViewModel.swift */ = {isa = PBXFileReference; lastKnownFileType = sourcecode.swift; path = TaskBoardViewModel.swift; sourceTree = "<group>"; };
		555754182A6DF42500D1546F /* TaskListViewModel.swift */ = {isa = PBXFileReference; lastKnownFileType = sourcecode.swift; path = TaskListViewModel.swift; sourceTree = "<group>"; };
		55A34DBF2A6A109B007ACC4A /* FlowApp.app */ = {isa = PBXFileReference; explicitFileType = wrapper.application; includeInIndex = 0; path = FlowApp.app; sourceTree = BUILT_PRODUCTS_DIR; };
		55A34DC22A6A109B007ACC4A /* FlowAppApp.swift */ = {isa = PBXFileReference; lastKnownFileType = sourcecode.swift; path = FlowAppApp.swift; sourceTree = "<group>"; };
		55A34DC42A6A109B007ACC4A /* ContentView.swift */ = {isa = PBXFileReference; lastKnownFileType = sourcecode.swift; path = ContentView.swift; sourceTree = "<group>"; };
		55A34DC62A6A109D007ACC4A /* Assets.xcassets */ = {isa = PBXFileReference; lastKnownFileType = folder.assetcatalog; path = Assets.xcassets; sourceTree = "<group>"; };
		55A34DC92A6A109D007ACC4A /* Preview Assets.xcassets */ = {isa = PBXFileReference; lastKnownFileType = folder.assetcatalog; path = "Preview Assets.xcassets"; sourceTree = "<group>"; };
		55A34DD02A6A1162007ACC4A /* README.md */ = {isa = PBXFileReference; fileEncoding = 4; lastKnownFileType = net.daringfireball.markdown; path = README.md; sourceTree = "<group>"; };
		55A34DD32A6A123D007ACC4A /* TaskListView.swift */ = {isa = PBXFileReference; lastKnownFileType = sourcecode.swift; path = TaskListView.swift; sourceTree = "<group>"; };
		55A34DD82A6A6F86007ACC4A /* Info.plist */ = {isa = PBXFileReference; lastKnownFileType = text.plist; path = Info.plist; sourceTree = "<group>"; };
		55A34DD92A6A79AD007ACC4A /* TaskBoardView.swift */ = {isa = PBXFileReference; lastKnownFileType = sourcecode.swift; path = TaskBoardView.swift; sourceTree = "<group>"; };
		55A34DDB2A6A7A74007ACC4A /* TaskRowView.swift */ = {isa = PBXFileReference; lastKnownFileType = sourcecode.swift; path = TaskRowView.swift; sourceTree = "<group>"; };
		55A34DDE2A6A7ACE007ACC4A /* TaskListModel.swift */ = {isa = PBXFileReference; lastKnownFileType = sourcecode.swift; path = TaskListModel.swift; sourceTree = "<group>"; };
		55A34DE12A6A7B4E007ACC4A /* Helper.swift */ = {isa = PBXFileReference; lastKnownFileType = sourcecode.swift; path = Helper.swift; sourceTree = "<group>"; };
/* End PBXFileReference section */

/* Begin PBXFrameworksBuildPhase section */
		55A34DBC2A6A109B007ACC4A /* Frameworks */ = {
			isa = PBXFrameworksBuildPhase;
			buildActionMask = 2147483647;
			files = (
				55A34DD72A6A5D8B007ACC4A /* Algorithms in Frameworks */,
			);
			runOnlyForDeploymentPostprocessing = 0;
		};
/* End PBXFrameworksBuildPhase section */

/* Begin PBXGroup section */
		555754152A6DF3E800D1546F /* ViewModel */ = {
			isa = PBXGroup;
			children = (
				555754162A6DF3F700D1546F /* TaskBoardViewModel.swift */,
				555754182A6DF42500D1546F /* TaskListViewModel.swift */,
			);
			path = ViewModel;
			sourceTree = "<group>";
		};
		55A34DB62A6A109B007ACC4A = {
			isa = PBXGroup;
			children = (
				55A34DD02A6A1162007ACC4A /* README.md */,
				55A34DC12A6A109B007ACC4A /* FlowApp */,
				55A34DC02A6A109B007ACC4A /* Products */,
			);
			sourceTree = "<group>";
		};
		55A34DC02A6A109B007ACC4A /* Products */ = {
			isa = PBXGroup;
			children = (
				55A34DBF2A6A109B007ACC4A /* FlowApp.app */,
			);
			name = Products;
			sourceTree = "<group>";
		};
		55A34DC12A6A109B007ACC4A /* FlowApp */ = {
			isa = PBXGroup;
			children = (
				555754152A6DF3E800D1546F /* ViewModel */,
				55A34DE02A6A7B3C007ACC4A /* Util */,
				55A34DDD2A6A7AB7007ACC4A /* Model */,
				55A34DD82A6A6F86007ACC4A /* Info.plist */,
				55A34DD22A6A1198007ACC4A /* View */,
				55A34DC22A6A109B007ACC4A /* FlowAppApp.swift */,
				55A34DC42A6A109B007ACC4A /* ContentView.swift */,
				55A34DC62A6A109D007ACC4A /* Assets.xcassets */,
				55A34DC82A6A109D007ACC4A /* Preview Content */,
			);
			path = FlowApp;
			sourceTree = "<group>";
		};
		55A34DC82A6A109D007ACC4A /* Preview Content */ = {
			isa = PBXGroup;
			children = (
				55A34DC92A6A109D007ACC4A /* Preview Assets.xcassets */,
			);
			path = "Preview Content";
			sourceTree = "<group>";
		};
		55A34DD22A6A1198007ACC4A /* View */ = {
			isa = PBXGroup;
			children = (
				55A34DD32A6A123D007ACC4A /* TaskListView.swift */,
				55A34DD92A6A79AD007ACC4A /* TaskBoardView.swift */,
				55A34DDB2A6A7A74007ACC4A /* TaskRowView.swift */,
			);
			path = View;
			sourceTree = "<group>";
		};
		55A34DDD2A6A7AB7007ACC4A /* Model */ = {
			isa = PBXGroup;
			children = (
				55A34DDE2A6A7ACE007ACC4A /* TaskListModel.swift */,
			);
			path = Model;
			sourceTree = "<group>";
		};
		55A34DE02A6A7B3C007ACC4A /* Util */ = {
			isa = PBXGroup;
			children = (
				55A34DE12A6A7B4E007ACC4A /* Helper.swift */,
			);
			path = Util;
			sourceTree = "<group>";
		};
/* End PBXGroup section */

/* Begin PBXNativeTarget section */
		55A34DBE2A6A109B007ACC4A /* FlowApp */ = {
			isa = PBXNativeTarget;
			buildConfigurationList = 55A34DCD2A6A109D007ACC4A /* Build configuration list for PBXNativeTarget "FlowApp" */;
			buildPhases = (
				55A34DBB2A6A109B007ACC4A /* Sources */,
				55A34DBC2A6A109B007ACC4A /* Frameworks */,
				55A34DBD2A6A109B007ACC4A /* Resources */,
			);
			buildRules = (
			);
			dependencies = (
			);
			name = FlowApp;
			packageProductDependencies = (
				55A34DD62A6A5D8B007ACC4A /* Algorithms */,
			);
			productName = FlowApp;
			productReference = 55A34DBF2A6A109B007ACC4A /* FlowApp.app */;
			productType = "com.apple.product-type.application";
		};
/* End PBXNativeTarget section */

/* Begin PBXProject section */
		55A34DB72A6A109B007ACC4A /* Project object */ = {
			isa = PBXProject;
			attributes = {
				BuildIndependentTargetsInParallel = 1;
				LastSwiftUpdateCheck = 1430;
				LastUpgradeCheck = 1430;
				TargetAttributes = {
					55A34DBE2A6A109B007ACC4A = {
						CreatedOnToolsVersion = 14.3.1;
					};
				};
			};
			buildConfigurationList = 55A34DBA2A6A109B007ACC4A /* Build configuration list for PBXProject "FlowApp" */;
			compatibilityVersion = "Xcode 14.0";
			developmentRegion = en;
			hasScannedForEncodings = 0;
			knownRegions = (
				en,
				Base,
			);
			mainGroup = 55A34DB62A6A109B007ACC4A;
			packageReferences = (
				55A34DD52A6A5D8B007ACC4A /* XCRemoteSwiftPackageReference "swift-algorithms" */,
			);
			productRefGroup = 55A34DC02A6A109B007ACC4A /* Products */;
			projectDirPath = "";
			projectRoot = "";
			targets = (
				55A34DBE2A6A109B007ACC4A /* FlowApp */,
			);
		};
/* End PBXProject section */

/* Begin PBXResourcesBuildPhase section */
		55A34DBD2A6A109B007ACC4A /* Resources */ = {
			isa = PBXResourcesBuildPhase;
			buildActionMask = 2147483647;
			files = (
				55A34DD12A6A1162007ACC4A /* README.md in Resources */,
				55A34DCA2A6A109D007ACC4A /* Preview Assets.xcassets in Resources */,
				55A34DC72A6A109D007ACC4A /* Assets.xcassets in Resources */,
			);
			runOnlyForDeploymentPostprocessing = 0;
		};
/* End PBXResourcesBuildPhase section */

/* Begin PBXSourcesBuildPhase section */
		55A34DBB2A6A109B007ACC4A /* Sources */ = {
			isa = PBXSourcesBuildPhase;
			buildActionMask = 2147483647;
			files = (
				55A34DDC2A6A7A74007ACC4A /* TaskRowView.swift in Sources */,
				55A34DE22A6A7B4E007ACC4A /* Helper.swift in Sources */,
				555754172A6DF3F700D1546F /* TaskBoardViewModel.swift in Sources */,
				55A34DDA2A6A79AD007ACC4A /* TaskBoardView.swift in Sources */,
				55A34DC52A6A109B007ACC4A /* ContentView.swift in Sources */,
				555754192A6DF42500D1546F /* TaskListViewModel.swift in Sources */,
				55A34DDF2A6A7ACE007ACC4A /* TaskListModel.swift in Sources */,
				55A34DD42A6A123D007ACC4A /* TaskListView.swift in Sources */,
				55A34DC32A6A109B007ACC4A /* FlowAppApp.swift in Sources */,
			);
			runOnlyForDeploymentPostprocessing = 0;
		};
/* End PBXSourcesBuildPhase section */

/* Begin XCBuildConfiguration section */
		55A34DCB2A6A109D007ACC4A /* Debug */ = {
			isa = XCBuildConfiguration;
			buildSettings = {
				ALWAYS_SEARCH_USER_PATHS = NO;
				CLANG_ANALYZER_NONNULL = YES;
				CLANG_ANALYZER_NUMBER_OBJECT_CONVERSION = YES_AGGRESSIVE;
				CLANG_CXX_LANGUAGE_STANDARD = "gnu++20";
				CLANG_ENABLE_MODULES = YES;
				CLANG_ENABLE_OBJC_ARC = YES;
				CLANG_ENABLE_OBJC_WEAK = YES;
				CLANG_WARN_BLOCK_CAPTURE_AUTORELEASING = YES;
				CLANG_WARN_BOOL_CONVERSION = YES;
				CLANG_WARN_COMMA = YES;
				CLANG_WARN_CONSTANT_CONVERSION = YES;
				CLANG_WARN_DEPRECATED_OBJC_IMPLEMENTATIONS = YES;
				CLANG_WARN_DIRECT_OBJC_ISA_USAGE = YES_ERROR;
				CLANG_WARN_DOCUMENTATION_COMMENTS = YES;
				CLANG_WARN_EMPTY_BODY = YES;
				CLANG_WARN_ENUM_CONVERSION = YES;
				CLANG_WARN_INFINITE_RECURSION = YES;
				CLANG_WARN_INT_CONVERSION = YES;
				CLANG_WARN_NON_LITERAL_NULL_CONVERSION = YES;
				CLANG_WARN_OBJC_IMPLICIT_RETAIN_SELF = YES;
				CLANG_WARN_OBJC_LITERAL_CONVERSION = YES;
				CLANG_WARN_OBJC_ROOT_CLASS = YES_ERROR;
				CLANG_WARN_QUOTED_INCLUDE_IN_FRAMEWORK_HEADER = YES;
				CLANG_WARN_RANGE_LOOP_ANALYSIS = YES;
				CLANG_WARN_STRICT_PROTOTYPES = YES;
				CLANG_WARN_SUSPICIOUS_MOVE = YES;
				CLANG_WARN_UNGUARDED_AVAILABILITY = YES_AGGRESSIVE;
				CLANG_WARN_UNREACHABLE_CODE = YES;
				CLANG_WARN__DUPLICATE_METHOD_MATCH = YES;
				COPY_PHASE_STRIP = NO;
				DEBUG_INFORMATION_FORMAT = dwarf;
				ENABLE_STRICT_OBJC_MSGSEND = YES;
				ENABLE_TESTABILITY = YES;
				GCC_C_LANGUAGE_STANDARD = gnu11;
				GCC_DYNAMIC_NO_PIC = NO;
				GCC_NO_COMMON_BLOCKS = YES;
				GCC_OPTIMIZATION_LEVEL = 0;
				GCC_PREPROCESSOR_DEFINITIONS = (
					"DEBUG=1",
					"$(inherited)",
				);
				GCC_WARN_64_TO_32_BIT_CONVERSION = YES;
				GCC_WARN_ABOUT_RETURN_TYPE = YES_ERROR;
				GCC_WARN_UNDECLARED_SELECTOR = YES;
				GCC_WARN_UNINITIALIZED_AUTOS = YES_AGGRESSIVE;
				GCC_WARN_UNUSED_FUNCTION = YES;
				GCC_WARN_UNUSED_VARIABLE = YES;
				IPHONEOS_DEPLOYMENT_TARGET = 16.4;
				MTL_ENABLE_DEBUG_INFO = INCLUDE_SOURCE;
				MTL_FAST_MATH = YES;
				ONLY_ACTIVE_ARCH = YES;
				SDKROOT = iphoneos;
				SWIFT_ACTIVE_COMPILATION_CONDITIONS = DEBUG;
				SWIFT_OPTIMIZATION_LEVEL = "-Onone";
			};
			name = Debug;
		};
		55A34DCC2A6A109D007ACC4A /* Release */ = {
			isa = XCBuildConfiguration;
			buildSettings = {
				ALWAYS_SEARCH_USER_PATHS = NO;
				CLANG_ANALYZER_NONNULL = YES;
				CLANG_ANALYZER_NUMBER_OBJECT_CONVERSION = YES_AGGRESSIVE;
				CLANG_CXX_LANGUAGE_STANDARD = "gnu++20";
				CLANG_ENABLE_MODULES = YES;
				CLANG_ENABLE_OBJC_ARC = YES;
				CLANG_ENABLE_OBJC_WEAK = YES;
				CLANG_WARN_BLOCK_CAPTURE_AUTORELEASING = YES;
				CLANG_WARN_BOOL_CONVERSION = YES;
				CLANG_WARN_COMMA = YES;
				CLANG_WARN_CONSTANT_CONVERSION = YES;
				CLANG_WARN_DEPRECATED_OBJC_IMPLEMENTATIONS = YES;
				CLANG_WARN_DIRECT_OBJC_ISA_USAGE = YES_ERROR;
				CLANG_WARN_DOCUMENTATION_COMMENTS = YES;
				CLANG_WARN_EMPTY_BODY = YES;
				CLANG_WARN_ENUM_CONVERSION = YES;
				CLANG_WARN_INFINITE_RECURSION = YES;
				CLANG_WARN_INT_CONVERSION = YES;
				CLANG_WARN_NON_LITERAL_NULL_CONVERSION = YES;
				CLANG_WARN_OBJC_IMPLICIT_RETAIN_SELF = YES;
				CLANG_WARN_OBJC_LITERAL_CONVERSION = YES;
				CLANG_WARN_OBJC_ROOT_CLASS = YES_ERROR;
				CLANG_WARN_QUOTED_INCLUDE_IN_FRAMEWORK_HEADER = YES;
				CLANG_WARN_RANGE_LOOP_ANALYSIS = YES;
				CLANG_WARN_STRICT_PROTOTYPES = YES;
				CLANG_WARN_SUSPICIOUS_MOVE = YES;
				CLANG_WARN_UNGUARDED_AVAILABILITY = YES_AGGRESSIVE;
				CLANG_WARN_UNREACHABLE_CODE = YES;
				CLANG_WARN__DUPLICATE_METHOD_MATCH = YES;
				COPY_PHASE_STRIP = NO;
				DEBUG_INFORMATION_FORMAT = "dwarf-with-dsym";
				ENABLE_NS_ASSERTIONS = NO;
				ENABLE_STRICT_OBJC_MSGSEND = YES;
				GCC_C_LANGUAGE_STANDARD = gnu11;
				GCC_NO_COMMON_BLOCKS = YES;
				GCC_WARN_64_TO_32_BIT_CONVERSION = YES;
				GCC_WARN_ABOUT_RETURN_TYPE = YES_ERROR;
				GCC_WARN_UNDECLARED_SELECTOR = YES;
				GCC_WARN_UNINITIALIZED_AUTOS = YES_AGGRESSIVE;
				GCC_WARN_UNUSED_FUNCTION = YES;
				GCC_WARN_UNUSED_VARIABLE = YES;
				IPHONEOS_DEPLOYMENT_TARGET = 16.4;
				MTL_ENABLE_DEBUG_INFO = NO;
				MTL_FAST_MATH = YES;
				SDKROOT = iphoneos;
				SWIFT_COMPILATION_MODE = wholemodule;
				SWIFT_OPTIMIZATION_LEVEL = "-O";
				VALIDATE_PRODUCT = YES;
			};
			name = Release;
		};
		55A34DCE2A6A109D007ACC4A /* Debug */ = {
			isa = XCBuildConfiguration;
			buildSettings = {
				ASSETCATALOG_COMPILER_APPICON_NAME = AppIcon;
				ASSETCATALOG_COMPILER_GLOBAL_ACCENT_COLOR_NAME = AccentColor;
				CODE_SIGN_STYLE = Automatic;
				CURRENT_PROJECT_VERSION = 1;
				DEVELOPMENT_ASSET_PATHS = "\"FlowApp/Preview Content\"";
				DEVELOPMENT_TEAM = PBJ22NG3WU;
				ENABLE_PREVIEWS = YES;
				GENERATE_INFOPLIST_FILE = YES;
				INFOPLIST_FILE = FlowApp/Info.plist;
				INFOPLIST_KEY_UIApplicationSceneManifest_Generation = YES;
				INFOPLIST_KEY_UIApplicationSupportsIndirectInputEvents = YES;
				INFOPLIST_KEY_UILaunchScreen_Generation = YES;
				INFOPLIST_KEY_UISupportedInterfaceOrientations = "UIInterfaceOrientationLandscapeLeft UIInterfaceOrientationLandscapeRight";
				INFOPLIST_KEY_UISupportedInterfaceOrientations_iPad = "UIInterfaceOrientationLandscapeLeft UIInterfaceOrientationLandscapeRight UIInterfaceOrientationPortrait UIInterfaceOrientationPortraitUpsideDown";
				LD_RUNPATH_SEARCH_PATHS = (
					"$(inherited)",
					"@executable_path/Frameworks",
				);
				MARKETING_VERSION = 1.0;
				PRODUCT_BUNDLE_IDENTIFIER = com.test.FlowApp;
				PRODUCT_NAME = "$(TARGET_NAME)";
				SWIFT_EMIT_LOC_STRINGS = YES;
				SWIFT_VERSION = 5.0;
				TARGETED_DEVICE_FAMILY = "1,2";
			};
			name = Debug;
		};
		55A34DCF2A6A109D007ACC4A /* Release */ = {
			isa = XCBuildConfiguration;
			buildSettings = {
				ASSETCATALOG_COMPILER_APPICON_NAME = AppIcon;
				ASSETCATALOG_COMPILER_GLOBAL_ACCENT_COLOR_NAME = AccentColor;
				CODE_SIGN_STYLE = Automatic;
				CURRENT_PROJECT_VERSION = 1;
				DEVELOPMENT_ASSET_PATHS = "\"FlowApp/Preview Content\"";
				DEVELOPMENT_TEAM = PBJ22NG3WU;
				ENABLE_PREVIEWS = YES;
				GENERATE_INFOPLIST_FILE = YES;
				INFOPLIST_FILE = FlowApp/Info.plist;
				INFOPLIST_KEY_UIApplicationSceneManifest_Generation = YES;
				INFOPLIST_KEY_UIApplicationSupportsIndirectInputEvents = YES;
				INFOPLIST_KEY_UILaunchScreen_Generation = YES;
				INFOPLIST_KEY_UISupportedInterfaceOrientations = "UIInterfaceOrientationLandscapeLeft UIInterfaceOrientationLandscapeRight";
				INFOPLIST_KEY_UISupportedInterfaceOrientations_iPad = "UIInterfaceOrientationLandscapeLeft UIInterfaceOrientationLandscapeRight UIInterfaceOrientationPortrait UIInterfaceOrientationPortraitUpsideDown";
				LD_RUNPATH_SEARCH_PATHS = (
					"$(inherited)",
					"@executable_path/Frameworks",
				);
				MARKETING_VERSION = 1.0;
				PRODUCT_BUNDLE_IDENTIFIER = com.test.FlowApp;
				PRODUCT_NAME = "$(TARGET_NAME)";
				SWIFT_EMIT_LOC_STRINGS = YES;
				SWIFT_VERSION = 5.0;
				TARGETED_DEVICE_FAMILY = "1,2";
			};
			name = Release;
		};
/* End XCBuildConfiguration section */

/* Begin XCConfigurationList section */
		55A34DBA2A6A109B007ACC4A /* Build configuration list for PBXProject "FlowApp" */ = {
			isa = XCConfigurationList;
			buildConfigurations = (
				55A34DCB2A6A109D007ACC4A /* Debug */,
				55A34DCC2A6A109D007ACC4A /* Release */,
			);
			defaultConfigurationIsVisible = 0;
			defaultConfigurationName = Release;
		};
		55A34DCD2A6A109D007ACC4A /* Build configuration list for PBXNativeTarget "FlowApp" */ = {
			isa = XCConfigurationList;
			buildConfigurations = (
				55A34DCE2A6A109D007ACC4A /* Debug */,
				55A34DCF2A6A109D007ACC4A /* Release */,
			);
			defaultConfigurationIsVisible = 0;
			defaultConfigurationName = Release;
		};
/* End XCConfigurationList section */

/* Begin XCRemoteSwiftPackageReference section */
		55A34DD52A6A5D8B007ACC4A /* XCRemoteSwiftPackageReference "swift-algorithms" */ = {
			isa = XCRemoteSwiftPackageReference;
			repositoryURL = "https://github.com/apple/swift-algorithms.git";
			requirement = {
				kind = upToNextMajorVersion;
				minimumVersion = 1.0.0;
			};
		};
/* End XCRemoteSwiftPackageReference section */

/* Begin XCSwiftPackageProductDependency section */
		55A34DD62A6A5D8B007ACC4A /* Algorithms */ = {
			isa = XCSwiftPackageProductDependency;
			package = 55A34DD52A6A5D8B007ACC4A /* XCRemoteSwiftPackageReference "swift-algorithms" */;
			productName = Algorithms;
		};
/* End XCSwiftPackageProductDependency section */
	};
	rootObject = 55A34DB72A6A109B007ACC4A /* Project object */;
}
